// !$*UTF8*$!
{
	archiveVersion = 1;
	classes = {
	};
	objectVersion = 50;
	objects = {

/* Begin PBXBuildFile section */
		041074CB22938FA500BE0F51 /* UiUtil.swift in Sources */ = {isa = PBXBuildFile; fileRef = 041074CA22938FA500BE0F51 /* UiUtil.swift */; };
		041074CF2293903600BE0F51 /* myProgressHUDBasic.xib in Resources */ = {isa = PBXBuildFile; fileRef = 041074CE2293903600BE0F51 /* myProgressHUDBasic.xib */; };
		041074D12293905300BE0F51 /* myProgressHUDBasic.swift in Sources */ = {isa = PBXBuildFile; fileRef = 041074D02293905300BE0F51 /* myProgressHUDBasic.swift */; };
		041074D4229390C900BE0F51 /* UIView+.swift in Sources */ = {isa = PBXBuildFile; fileRef = 041074D3229390C900BE0F51 /* UIView+.swift */; };
		041074D9229399A700BE0F51 /* PopupBasic1.xib in Resources */ = {isa = PBXBuildFile; fileRef = 041074D8229399A700BE0F51 /* PopupBasic1.xib */; };
		041074DC22939A3200BE0F51 /* PopupBasic1.swift in Sources */ = {isa = PBXBuildFile; fileRef = 041074DB22939A3200BE0F51 /* PopupBasic1.swift */; };
		041074DF2293A25600BE0F51 /* PopupBasic2.xib in Resources */ = {isa = PBXBuildFile; fileRef = 041074DE2293A25600BE0F51 /* PopupBasic2.xib */; };
		041074E12293A27E00BE0F51 /* PopupBasic2.swift in Sources */ = {isa = PBXBuildFile; fileRef = 041074E02293A27E00BE0F51 /* PopupBasic2.swift */; };
		041074E72293B4E700BE0F51 /* Toolbar1.xib in Resources */ = {isa = PBXBuildFile; fileRef = 041074E62293B4E700BE0F51 /* Toolbar1.xib */; };
		041074E92293B4F400BE0F51 /* Toolbar1.swift in Sources */ = {isa = PBXBuildFile; fileRef = 041074E82293B4F400BE0F51 /* Toolbar1.swift */; };
		041074EC2293B52800BE0F51 /* Assets.xcassets in Resources */ = {isa = PBXBuildFile; fileRef = 041074EB2293B52800BE0F51 /* Assets.xcassets */; };
		041074EF2293C7B500BE0F51 /* BackgroundImage.swift in Sources */ = {isa = PBXBuildFile; fileRef = 041074EE2293C7B500BE0F51 /* BackgroundImage.swift */; };
		041074F12293CA2000BE0F51 /* BackgroundView.swift in Sources */ = {isa = PBXBuildFile; fileRef = 041074F02293CA2000BE0F51 /* BackgroundView.swift */; };
		041074F32293CBFC00BE0F51 /* readme.md in Resources */ = {isa = PBXBuildFile; fileRef = 041074F22293CBFC00BE0F51 /* readme.md */; };
		041074F52293CCD100BE0F51 /* AutoTextFields.swift in Sources */ = {isa = PBXBuildFile; fileRef = 041074F42293CCD100BE0F51 /* AutoTextFields.swift */; };
		041074F82293D02000BE0F51 /* OTP4DigitView.xib in Resources */ = {isa = PBXBuildFile; fileRef = 041074F72293D02000BE0F51 /* OTP4DigitView.xib */; };
		041074FA2293D10700BE0F51 /* OTP4DigitView.swift in Sources */ = {isa = PBXBuildFile; fileRef = 041074F92293D10700BE0F51 /* OTP4DigitView.swift */; };
		041074FC2293D33700BE0F51 /* UITextField+.swift in Sources */ = {isa = PBXBuildFile; fileRef = 041074FB2293D33700BE0F51 /* UITextField+.swift */; };
		041075002293D65500BE0F51 /* Content1View.xib in Resources */ = {isa = PBXBuildFile; fileRef = 041074FF2293D65500BE0F51 /* Content1View.xib */; };
		041075022293D6EF00BE0F51 /* Content1View.swift in Sources */ = {isa = PBXBuildFile; fileRef = 041075012293D6EF00BE0F51 /* Content1View.swift */; };
		041075052293D85E00BE0F51 /* Content2View.xib in Resources */ = {isa = PBXBuildFile; fileRef = 041075042293D85E00BE0F51 /* Content2View.xib */; };
		041075072293D8EB00BE0F51 /* Content2View.swift in Sources */ = {isa = PBXBuildFile; fileRef = 041075062293D8EB00BE0F51 /* Content2View.swift */; };
		0410754C2294F06500BE0F51 /* UITextView+.swift in Sources */ = {isa = PBXBuildFile; fileRef = 0410754B2294F06500BE0F51 /* UITextView+.swift */; };
		041075502294F1C100BE0F51 /* AdsContent1.xib in Resources */ = {isa = PBXBuildFile; fileRef = 0410754F2294F1C100BE0F51 /* AdsContent1.xib */; };
		041075522294F2F000BE0F51 /* AdsContent1.swift in Sources */ = {isa = PBXBuildFile; fileRef = 041075512294F2F000BE0F51 /* AdsContent1.swift */; };
		0472FDF62297B93A00C72FDF /* ViewButtonMenu1.xib in Resources */ = {isa = PBXBuildFile; fileRef = 0472FDF52297B93A00C72FDF /* ViewButtonMenu1.xib */; };
		0472FDF82297BB2D00C72FDF /* ViewButtonMenu1.swift in Sources */ = {isa = PBXBuildFile; fileRef = 0472FDF72297BB2D00C72FDF /* ViewButtonMenu1.swift */; };
		0472FDFE2297C3C000C72FDF /* ViewButtonMenu1.swift in Sources */ = {isa = PBXBuildFile; fileRef = 0472FDF72297BB2D00C72FDF /* ViewButtonMenu1.swift */; };
		E27675C19BA066483FEEFC1B /* Pods_UIComponentsFramework.framework in Frameworks */ = {isa = PBXBuildFile; fileRef = 3676F35252DAB90CCEBBC8D1 /* Pods_UIComponentsFramework.framework */; };
		EE3EBA3B229419E50073F3AF /* Content3View.xib in Resources */ = {isa = PBXBuildFile; fileRef = EE3EBA3A229419E50073F3AF /* Content3View.xib */; };
		EE3EBA3D22941A500073F3AF /* Content3View.swift in Sources */ = {isa = PBXBuildFile; fileRef = EE3EBA3C22941A500073F3AF /* Content3View.swift */; };
		EE3EBA542296D54B0073F3AF /* UIComponentsFramework.h in Headers */ = {isa = PBXBuildFile; fileRef = EEB7A1FE2290E30600A0C3F2 /* UIComponentsFramework.h */; settings = {ATTRIBUTES = (Public, ); }; };
		EE3EBA562296D54B0073F3AF /* AutoTextFields.swift in Sources */ = {isa = PBXBuildFile; fileRef = 041074F42293CCD100BE0F51 /* AutoTextFields.swift */; };
		EE3EBA572296D54B0073F3AF /* AdsContent1.swift in Sources */ = {isa = PBXBuildFile; fileRef = 041075512294F2F000BE0F51 /* AdsContent1.swift */; };
		EE3EBA582296D54B0073F3AF /* BackgroundView.swift in Sources */ = {isa = PBXBuildFile; fileRef = 041074F02293CA2000BE0F51 /* BackgroundView.swift */; };
		EE3EBA592296D54B0073F3AF /* PopupBasic2.swift in Sources */ = {isa = PBXBuildFile; fileRef = 041074E02293A27E00BE0F51 /* PopupBasic2.swift */; };
		EE3EBA5A2296D54B0073F3AF /* UITextField+.swift in Sources */ = {isa = PBXBuildFile; fileRef = 041074FB2293D33700BE0F51 /* UITextField+.swift */; };
		EE3EBA5B2296D54B0073F3AF /* OTP4DigitView.swift in Sources */ = {isa = PBXBuildFile; fileRef = 041074F92293D10700BE0F51 /* OTP4DigitView.swift */; };
		EE3EBA5C2296D54B0073F3AF /* UITextView+.swift in Sources */ = {isa = PBXBuildFile; fileRef = 0410754B2294F06500BE0F51 /* UITextView+.swift */; };
		EE3EBA5D2296D54B0073F3AF /* Content2View.swift in Sources */ = {isa = PBXBuildFile; fileRef = 041075062293D8EB00BE0F51 /* Content2View.swift */; };
		EE3EBA5E2296D54B0073F3AF /* UIView+.swift in Sources */ = {isa = PBXBuildFile; fileRef = 041074D3229390C900BE0F51 /* UIView+.swift */; };
		EE3EBA5F2296D54B0073F3AF /* myProgressHUDBasic.swift in Sources */ = {isa = PBXBuildFile; fileRef = 041074D02293905300BE0F51 /* myProgressHUDBasic.swift */; };
		EE3EBA602296D54B0073F3AF /* Content1View.swift in Sources */ = {isa = PBXBuildFile; fileRef = 041075012293D6EF00BE0F51 /* Content1View.swift */; };
		EE3EBA612296D54B0073F3AF /* BackgroundImage.swift in Sources */ = {isa = PBXBuildFile; fileRef = 041074EE2293C7B500BE0F51 /* BackgroundImage.swift */; };
		EE3EBA622296D54B0073F3AF /* view1component.swift in Sources */ = {isa = PBXBuildFile; fileRef = EEB7A2082290E35800A0C3F2 /* view1component.swift */; };
		EE3EBA632296D54B0073F3AF /* UiUtil.swift in Sources */ = {isa = PBXBuildFile; fileRef = 041074CA22938FA500BE0F51 /* UiUtil.swift */; };
		EE3EBA642296D54B0073F3AF /* PopupBasic1.swift in Sources */ = {isa = PBXBuildFile; fileRef = 041074DB22939A3200BE0F51 /* PopupBasic1.swift */; };
		EE3EBA652296D54B0073F3AF /* Content3View.swift in Sources */ = {isa = PBXBuildFile; fileRef = EE3EBA3C22941A500073F3AF /* Content3View.swift */; };
		EE3EBA662296D54B0073F3AF /* Toolbar1.swift in Sources */ = {isa = PBXBuildFile; fileRef = 041074E82293B4F400BE0F51 /* Toolbar1.swift */; };
		EE3EBA6A2296D54B0073F3AF /* PopupBasic2.xib in Resources */ = {isa = PBXBuildFile; fileRef = 041074DE2293A25600BE0F51 /* PopupBasic2.xib */; };
		EE3EBA6B2296D54B0073F3AF /* Content3View.xib in Resources */ = {isa = PBXBuildFile; fileRef = EE3EBA3A229419E50073F3AF /* Content3View.xib */; };
		EE3EBA6C2296D54B0073F3AF /* Content2View.xib in Resources */ = {isa = PBXBuildFile; fileRef = 041075042293D85E00BE0F51 /* Content2View.xib */; };
		EE3EBA6D2296D54B0073F3AF /* view1.xib in Resources */ = {isa = PBXBuildFile; fileRef = EEB7A20A2290E36600A0C3F2 /* view1.xib */; };
		EE3EBA6E2296D54B0073F3AF /* AdsContent1.xib in Resources */ = {isa = PBXBuildFile; fileRef = 0410754F2294F1C100BE0F51 /* AdsContent1.xib */; };
		EE3EBA6F2296D54B0073F3AF /* OTP4DigitView.xib in Resources */ = {isa = PBXBuildFile; fileRef = 041074F72293D02000BE0F51 /* OTP4DigitView.xib */; };
		EE3EBA702296D54B0073F3AF /* Toolbar1.xib in Resources */ = {isa = PBXBuildFile; fileRef = 041074E62293B4E700BE0F51 /* Toolbar1.xib */; };
		EE3EBA712296D54B0073F3AF /* myProgressHUDBasic.xib in Resources */ = {isa = PBXBuildFile; fileRef = 041074CE2293903600BE0F51 /* myProgressHUDBasic.xib */; };
		EE3EBA722296D54B0073F3AF /* readme.md in Resources */ = {isa = PBXBuildFile; fileRef = 041074F22293CBFC00BE0F51 /* readme.md */; };
		EE3EBA732296D54B0073F3AF /* Content1View.xib in Resources */ = {isa = PBXBuildFile; fileRef = 041074FF2293D65500BE0F51 /* Content1View.xib */; };
		EE3EBA742296D54B0073F3AF /* Assets.xcassets in Resources */ = {isa = PBXBuildFile; fileRef = 041074EB2293B52800BE0F51 /* Assets.xcassets */; };
		EE3EBA752296D54B0073F3AF /* PopupBasic1.xib in Resources */ = {isa = PBXBuildFile; fileRef = 041074D8229399A700BE0F51 /* PopupBasic1.xib */; };
		EEB7A2002290E30600A0C3F2 /* UIComponentsFramework.h in Headers */ = {isa = PBXBuildFile; fileRef = EEB7A1FE2290E30600A0C3F2 /* UIComponentsFramework.h */; settings = {ATTRIBUTES = (Public, ); }; };
		EEB7A2092290E35800A0C3F2 /* view1component.swift in Sources */ = {isa = PBXBuildFile; fileRef = EEB7A2082290E35800A0C3F2 /* view1component.swift */; };
		EEB7A20B2290E36600A0C3F2 /* view1.xib in Resources */ = {isa = PBXBuildFile; fileRef = EEB7A20A2290E36600A0C3F2 /* view1.xib */; };
/* End PBXBuildFile section */

/* Begin PBXFileReference section */
		041074CA22938FA500BE0F51 /* UiUtil.swift */ = {isa = PBXFileReference; lastKnownFileType = sourcecode.swift; path = UiUtil.swift; sourceTree = "<group>"; };
		041074CE2293903600BE0F51 /* myProgressHUDBasic.xib */ = {isa = PBXFileReference; lastKnownFileType = file.xib; path = myProgressHUDBasic.xib; sourceTree = "<group>"; };
		041074D02293905300BE0F51 /* myProgressHUDBasic.swift */ = {isa = PBXFileReference; lastKnownFileType = sourcecode.swift; path = myProgressHUDBasic.swift; sourceTree = "<group>"; };
		041074D3229390C900BE0F51 /* UIView+.swift */ = {isa = PBXFileReference; lastKnownFileType = sourcecode.swift; path = "UIView+.swift"; sourceTree = "<group>"; };
		041074D8229399A700BE0F51 /* PopupBasic1.xib */ = {isa = PBXFileReference; lastKnownFileType = file.xib; path = PopupBasic1.xib; sourceTree = "<group>"; };
		041074DB22939A3200BE0F51 /* PopupBasic1.swift */ = {isa = PBXFileReference; lastKnownFileType = sourcecode.swift; path = PopupBasic1.swift; sourceTree = "<group>"; };
		041074DE2293A25600BE0F51 /* PopupBasic2.xib */ = {isa = PBXFileReference; lastKnownFileType = file.xib; path = PopupBasic2.xib; sourceTree = "<group>"; };
		041074E02293A27E00BE0F51 /* PopupBasic2.swift */ = {isa = PBXFileReference; lastKnownFileType = sourcecode.swift; path = PopupBasic2.swift; sourceTree = "<group>"; };
		041074E62293B4E700BE0F51 /* Toolbar1.xib */ = {isa = PBXFileReference; lastKnownFileType = file.xib; path = Toolbar1.xib; sourceTree = "<group>"; };
		041074E82293B4F400BE0F51 /* Toolbar1.swift */ = {isa = PBXFileReference; lastKnownFileType = sourcecode.swift; path = Toolbar1.swift; sourceTree = "<group>"; };
		041074EB2293B52800BE0F51 /* Assets.xcassets */ = {isa = PBXFileReference; lastKnownFileType = folder.assetcatalog; path = Assets.xcassets; sourceTree = "<group>"; };
		041074EE2293C7B500BE0F51 /* BackgroundImage.swift */ = {isa = PBXFileReference; lastKnownFileType = sourcecode.swift; path = BackgroundImage.swift; sourceTree = "<group>"; };
		041074F02293CA2000BE0F51 /* BackgroundView.swift */ = {isa = PBXFileReference; lastKnownFileType = sourcecode.swift; path = BackgroundView.swift; sourceTree = "<group>"; };
		041074F22293CBFC00BE0F51 /* readme.md */ = {isa = PBXFileReference; fileEncoding = 4; lastKnownFileType = net.daringfireball.markdown; path = readme.md; sourceTree = "<group>"; };
		041074F42293CCD100BE0F51 /* AutoTextFields.swift */ = {isa = PBXFileReference; lastKnownFileType = sourcecode.swift; path = AutoTextFields.swift; sourceTree = "<group>"; };
		041074F72293D02000BE0F51 /* OTP4DigitView.xib */ = {isa = PBXFileReference; lastKnownFileType = file.xib; path = OTP4DigitView.xib; sourceTree = "<group>"; };
		041074F92293D10700BE0F51 /* OTP4DigitView.swift */ = {isa = PBXFileReference; lastKnownFileType = sourcecode.swift; path = OTP4DigitView.swift; sourceTree = "<group>"; };
		041074FB2293D33700BE0F51 /* UITextField+.swift */ = {isa = PBXFileReference; lastKnownFileType = sourcecode.swift; path = "UITextField+.swift"; sourceTree = "<group>"; };
		041074FF2293D65500BE0F51 /* Content1View.xib */ = {isa = PBXFileReference; lastKnownFileType = file.xib; path = Content1View.xib; sourceTree = "<group>"; };
		041075012293D6EF00BE0F51 /* Content1View.swift */ = {isa = PBXFileReference; lastKnownFileType = sourcecode.swift; path = Content1View.swift; sourceTree = "<group>"; };
		041075042293D85E00BE0F51 /* Content2View.xib */ = {isa = PBXFileReference; lastKnownFileType = file.xib; path = Content2View.xib; sourceTree = "<group>"; };
		041075062293D8EB00BE0F51 /* Content2View.swift */ = {isa = PBXFileReference; lastKnownFileType = sourcecode.swift; path = Content2View.swift; sourceTree = "<group>"; };
		0410754B2294F06500BE0F51 /* UITextView+.swift */ = {isa = PBXFileReference; lastKnownFileType = sourcecode.swift; path = "UITextView+.swift"; sourceTree = "<group>"; };
		0410754F2294F1C100BE0F51 /* AdsContent1.xib */ = {isa = PBXFileReference; lastKnownFileType = file.xib; path = AdsContent1.xib; sourceTree = "<group>"; };
		041075512294F2F000BE0F51 /* AdsContent1.swift */ = {isa = PBXFileReference; lastKnownFileType = sourcecode.swift; path = AdsContent1.swift; sourceTree = "<group>"; };
		0472FDF52297B93A00C72FDF /* ViewButtonMenu1.xib */ = {isa = PBXFileReference; lastKnownFileType = file.xib; path = ViewButtonMenu1.xib; sourceTree = "<group>"; };
		0472FDF72297BB2D00C72FDF /* ViewButtonMenu1.swift */ = {isa = PBXFileReference; lastKnownFileType = sourcecode.swift; path = ViewButtonMenu1.swift; sourceTree = "<group>"; };
		3676F35252DAB90CCEBBC8D1 /* Pods_UIComponentsFramework.framework */ = {isa = PBXFileReference; explicitFileType = wrapper.framework; includeInIndex = 0; path = Pods_UIComponentsFramework.framework; sourceTree = BUILT_PRODUCTS_DIR; };
		7E02487FE4EF986314D51171 /* Pods-UIComponentsFramework.debug.xcconfig */ = {isa = PBXFileReference; includeInIndex = 1; lastKnownFileType = text.xcconfig; name = "Pods-UIComponentsFramework.debug.xcconfig"; path = "Target Support Files/Pods-UIComponentsFramework/Pods-UIComponentsFramework.debug.xcconfig"; sourceTree = "<group>"; };
		E88ECB40F68A8461B7C3DFB0 /* Pods-UIComponentsFramework.release.xcconfig */ = {isa = PBXFileReference; includeInIndex = 1; lastKnownFileType = text.xcconfig; name = "Pods-UIComponentsFramework.release.xcconfig"; path = "Target Support Files/Pods-UIComponentsFramework/Pods-UIComponentsFramework.release.xcconfig"; sourceTree = "<group>"; };
		EE3EBA3A229419E50073F3AF /* Content3View.xib */ = {isa = PBXFileReference; lastKnownFileType = file.xib; path = Content3View.xib; sourceTree = "<group>"; };
		EE3EBA3C22941A500073F3AF /* Content3View.swift */ = {isa = PBXFileReference; lastKnownFileType = sourcecode.swift; path = Content3View.swift; sourceTree = "<group>"; };
		EE3EBA792296D54B0073F3AF /* MyUICF.framework */ = {isa = PBXFileReference; explicitFileType = wrapper.framework; includeInIndex = 0; path = MyUICF.framework; sourceTree = BUILT_PRODUCTS_DIR; };
		EE3EBA7A2296D54B0073F3AF /* UIComponentsFramework copy-Info.plist */ = {isa = PBXFileReference; lastKnownFileType = text.plist.xml; name = "UIComponentsFramework copy-Info.plist"; path = "/Users/laineljohndelacruz/Desktop/GithubRepo/personal/UIComponentsFramework/UIComponentsFramework copy-Info.plist"; sourceTree = "<absolute>"; };
		EEB7A1FB2290E30600A0C3F2 /* UIComponentsFramework.framework */ = {isa = PBXFileReference; explicitFileType = wrapper.framework; includeInIndex = 0; path = UIComponentsFramework.framework; sourceTree = BUILT_PRODUCTS_DIR; };
		EEB7A1FE2290E30600A0C3F2 /* UIComponentsFramework.h */ = {isa = PBXFileReference; lastKnownFileType = sourcecode.c.h; path = UIComponentsFramework.h; sourceTree = "<group>"; };
		EEB7A1FF2290E30600A0C3F2 /* Info.plist */ = {isa = PBXFileReference; lastKnownFileType = text.plist.xml; path = Info.plist; sourceTree = "<group>"; };
		EEB7A2082290E35800A0C3F2 /* view1component.swift */ = {isa = PBXFileReference; lastKnownFileType = sourcecode.swift; path = view1component.swift; sourceTree = "<group>"; };
		EEB7A20A2290E36600A0C3F2 /* view1.xib */ = {isa = PBXFileReference; lastKnownFileType = file.xib; path = view1.xib; sourceTree = "<group>"; };
/* End PBXFileReference section */

/* Begin PBXFrameworksBuildPhase section */
		EE3EBA672296D54B0073F3AF /* Frameworks */ = {
			isa = PBXFrameworksBuildPhase;
			buildActionMask = 2147483647;
			files = (
			);
			runOnlyForDeploymentPostprocessing = 0;
		};
		EEB7A1F82290E30600A0C3F2 /* Frameworks */ = {
			isa = PBXFrameworksBuildPhase;
			buildActionMask = 2147483647;
			files = (
				E27675C19BA066483FEEFC1B /* Pods_UIComponentsFramework.framework in Frameworks */,
			);
			runOnlyForDeploymentPostprocessing = 0;
		};
/* End PBXFrameworksBuildPhase section */

/* Begin PBXGroup section */
		041074C922938F9300BE0F51 /* helpers */ = {
			isa = PBXGroup;
			children = (
				041074CA22938FA500BE0F51 /* UiUtil.swift */,
			);
			path = helpers;
			sourceTree = "<group>";
		};
		041074CD2293900500BE0F51 /* myProgressHUDBasic */ = {
			isa = PBXGroup;
			children = (
				041074CE2293903600BE0F51 /* myProgressHUDBasic.xib */,
				041074D02293905300BE0F51 /* myProgressHUDBasic.swift */,
			);
			path = myProgressHUDBasic;
			sourceTree = "<group>";
		};
		041074D22293909C00BE0F51 /* extensions */ = {
			isa = PBXGroup;
			children = (
				041074D3229390C900BE0F51 /* UIView+.swift */,
				041074FB2293D33700BE0F51 /* UITextField+.swift */,
				0410754B2294F06500BE0F51 /* UITextView+.swift */,
			);
			path = extensions;
			sourceTree = "<group>";
		};
		041074D62293997C00BE0F51 /* popUp */ = {
			isa = PBXGroup;
			children = (
				041074DD22939F7D00BE0F51 /* basic2 */,
				041074D72293999600BE0F51 /* basic1 */,
			);
			path = popUp;
			sourceTree = "<group>";
		};
		041074D72293999600BE0F51 /* basic1 */ = {
			isa = PBXGroup;
			children = (
				041074D8229399A700BE0F51 /* PopupBasic1.xib */,
				041074DB22939A3200BE0F51 /* PopupBasic1.swift */,
			);
			path = basic1;
			sourceTree = "<group>";
		};
		041074DD22939F7D00BE0F51 /* basic2 */ = {
			isa = PBXGroup;
			children = (
				041074DE2293A25600BE0F51 /* PopupBasic2.xib */,
				041074E02293A27E00BE0F51 /* PopupBasic2.swift */,
			);
			path = basic2;
			sourceTree = "<group>";
		};
		041074E22293B37700BE0F51 /* TextFields */ = {
			isa = PBXGroup;
			children = (
				041074E32293B38400BE0F51 /* AutoTextFields */,
			);
			path = TextFields;
			sourceTree = "<group>";
		};
		041074E32293B38400BE0F51 /* AutoTextFields */ = {
			isa = PBXGroup;
			children = (
				041074F42293CCD100BE0F51 /* AutoTextFields.swift */,
			);
			path = AutoTextFields;
			sourceTree = "<group>";
		};
		041074E42293B4C800BE0F51 /* Toolbar */ = {
			isa = PBXGroup;
			children = (
				041074E52293B4D100BE0F51 /* Toolbar1 */,
			);
			path = Toolbar;
			sourceTree = "<group>";
		};
		041074E52293B4D100BE0F51 /* Toolbar1 */ = {
			isa = PBXGroup;
			children = (
				041074E62293B4E700BE0F51 /* Toolbar1.xib */,
				041074E82293B4F400BE0F51 /* Toolbar1.swift */,
			);
			path = Toolbar1;
			sourceTree = "<group>";
		};
		041074EA2293B51800BE0F51 /* SupportFiles */ = {
			isa = PBXGroup;
			children = (
				041074EB2293B52800BE0F51 /* Assets.xcassets */,
			);
			path = SupportFiles;
			sourceTree = "<group>";
		};
		041074ED2293C78D00BE0F51 /* ImageView */ = {
			isa = PBXGroup;
			children = (
				041074EE2293C7B500BE0F51 /* BackgroundImage.swift */,
			);
			path = ImageView;
			sourceTree = "<group>";
		};
		041074F62293D00900BE0F51 /* OTP4Digit */ = {
			isa = PBXGroup;
			children = (
				041074F72293D02000BE0F51 /* OTP4DigitView.xib */,
				041074F92293D10700BE0F51 /* OTP4DigitView.swift */,
			);
			path = OTP4Digit;
			sourceTree = "<group>";
		};
		041074FD2293D5E500BE0F51 /* Contents */ = {
			isa = PBXGroup;
			children = (
				EE3EBA39229419C70073F3AF /* Content3 */,
				041075032293D84D00BE0F51 /* Content2 */,
				041074FE2293D60300BE0F51 /* Content1 */,
			);
			path = Contents;
			sourceTree = "<group>";
		};
		041074FE2293D60300BE0F51 /* Content1 */ = {
			isa = PBXGroup;
			children = (
				041074FF2293D65500BE0F51 /* Content1View.xib */,
				041075012293D6EF00BE0F51 /* Content1View.swift */,
			);
			path = Content1;
			sourceTree = "<group>";
		};
		041075032293D84D00BE0F51 /* Content2 */ = {
			isa = PBXGroup;
			children = (
				041075042293D85E00BE0F51 /* Content2View.xib */,
				041075062293D8EB00BE0F51 /* Content2View.swift */,
			);
			path = Content2;
			sourceTree = "<group>";
		};
		0410754D2294F1A900BE0F51 /* Ads */ = {
			isa = PBXGroup;
			children = (
				0410754E2294F1B000BE0F51 /* AdsContent1 */,
			);
			path = Ads;
			sourceTree = "<group>";
		};
		0410754E2294F1B000BE0F51 /* AdsContent1 */ = {
			isa = PBXGroup;
			children = (
				0410754F2294F1C100BE0F51 /* AdsContent1.xib */,
				041075512294F2F000BE0F51 /* AdsContent1.swift */,
			);
			path = AdsContent1;
			sourceTree = "<group>";
		};
		0472FDF32297B91C00C72FDF /* Buttons */ = {
			isa = PBXGroup;
			children = (
				0472FDF42297B92600C72FDF /* ViewButtonMenu1 */,
			);
			path = Buttons;
			sourceTree = "<group>";
		};
		0472FDF42297B92600C72FDF /* ViewButtonMenu1 */ = {
			isa = PBXGroup;
			children = (
				0472FDF52297B93A00C72FDF /* ViewButtonMenu1.xib */,
				0472FDF72297BB2D00C72FDF /* ViewButtonMenu1.swift */,
			);
			path = ViewButtonMenu1;
			sourceTree = "<group>";
		};
		64E2F4A0D51B0D35D1948A46 /* Pods */ = {
			isa = PBXGroup;
			children = (
				7E02487FE4EF986314D51171 /* Pods-UIComponentsFramework.debug.xcconfig */,
				E88ECB40F68A8461B7C3DFB0 /* Pods-UIComponentsFramework.release.xcconfig */,
			);
			path = Pods;
			sourceTree = "<group>";
		};
		AAD409EDFC4A39C6654EEB1C /* Frameworks */ = {
			isa = PBXGroup;
			children = (
				3676F35252DAB90CCEBBC8D1 /* Pods_UIComponentsFramework.framework */,
			);
			name = Frameworks;
			sourceTree = "<group>";
		};
		EE3EBA39229419C70073F3AF /* Content3 */ = {
			isa = PBXGroup;
			children = (
				EE3EBA3A229419E50073F3AF /* Content3View.xib */,
				EE3EBA3C22941A500073F3AF /* Content3View.swift */,
			);
			path = Content3;
			sourceTree = "<group>";
		};
		EEB7A1F12290E30600A0C3F2 = {
			isa = PBXGroup;
			children = (
				041074F22293CBFC00BE0F51 /* readme.md */,
				EEB7A1FD2290E30600A0C3F2 /* UIComponentsFramework */,
				EEB7A1FC2290E30600A0C3F2 /* Products */,
				64E2F4A0D51B0D35D1948A46 /* Pods */,
				AAD409EDFC4A39C6654EEB1C /* Frameworks */,
				EE3EBA7A2296D54B0073F3AF /* UIComponentsFramework copy-Info.plist */,
			);
			sourceTree = "<group>";
		};
		EEB7A1FC2290E30600A0C3F2 /* Products */ = {
			isa = PBXGroup;
			children = (
				EEB7A1FB2290E30600A0C3F2 /* UIComponentsFramework.framework */,
				EE3EBA792296D54B0073F3AF /* MyUICF.framework */,
			);
			name = Products;
			sourceTree = "<group>";
		};
		EEB7A1FD2290E30600A0C3F2 /* UIComponentsFramework */ = {
			isa = PBXGroup;
			children = (
				041074ED2293C78D00BE0F51 /* ImageView */,
				041074EA2293B51800BE0F51 /* SupportFiles */,
				041074E22293B37700BE0F51 /* TextFields */,
				041074D22293909C00BE0F51 /* extensions */,
				041074C922938F9300BE0F51 /* helpers */,
				EEB7A20C229116D100A0C3F2 /* sdks */,
				EEB7A2062290E31C00A0C3F2 /* Views */,
				EEB7A1FE2290E30600A0C3F2 /* UIComponentsFramework.h */,
				EEB7A1FF2290E30600A0C3F2 /* Info.plist */,
			);
			path = UIComponentsFramework;
			sourceTree = "<group>";
		};
		EEB7A2062290E31C00A0C3F2 /* Views */ = {
			isa = PBXGroup;
			children = (
				0472FDF32297B91C00C72FDF /* Buttons */,
				0410754D2294F1A900BE0F51 /* Ads */,
				041074FD2293D5E500BE0F51 /* Contents */,
				041074F62293D00900BE0F51 /* OTP4Digit */,
				041074E42293B4C800BE0F51 /* Toolbar */,
				041074D62293997C00BE0F51 /* popUp */,
				041074CD2293900500BE0F51 /* myProgressHUDBasic */,
				EEB7A2072290E32C00A0C3F2 /* view1 */,
				041074F02293CA2000BE0F51 /* BackgroundView.swift */,
			);
			path = Views;
			sourceTree = "<group>";
		};
		EEB7A2072290E32C00A0C3F2 /* view1 */ = {
			isa = PBXGroup;
			children = (
				EEB7A2082290E35800A0C3F2 /* view1component.swift */,
				EEB7A20A2290E36600A0C3F2 /* view1.xib */,
			);
			path = view1;
			sourceTree = "<group>";
		};
		EEB7A20C229116D100A0C3F2 /* sdks */ = {
			isa = PBXGroup;
			children = (
			);
			path = sdks;
			sourceTree = "<group>";
		};
/* End PBXGroup section */

/* Begin PBXHeadersBuildPhase section */
		EE3EBA532296D54B0073F3AF /* Headers */ = {
			isa = PBXHeadersBuildPhase;
			buildActionMask = 2147483647;
			files = (
				EE3EBA542296D54B0073F3AF /* UIComponentsFramework.h in Headers */,
			);
			runOnlyForDeploymentPostprocessing = 0;
		};
		EEB7A1F62290E30600A0C3F2 /* Headers */ = {
			isa = PBXHeadersBuildPhase;
			buildActionMask = 2147483647;
			files = (
				EEB7A2002290E30600A0C3F2 /* UIComponentsFramework.h in Headers */,
			);
			runOnlyForDeploymentPostprocessing = 0;
		};
/* End PBXHeadersBuildPhase section */

/* Begin PBXNativeTarget section */
		EE3EBA512296D54B0073F3AF /* MyUICF */ = {
			isa = PBXNativeTarget;
			buildConfigurationList = EE3EBA762296D54B0073F3AF /* Build configuration list for PBXNativeTarget "MyUICF" */;
			buildPhases = (
				EE3EBA522296D54B0073F3AF /* [CP] Check Pods Manifest.lock */,
				EE3EBA532296D54B0073F3AF /* Headers */,
				EE3EBA552296D54B0073F3AF /* Sources */,
				EE3EBA672296D54B0073F3AF /* Frameworks */,
				EE3EBA692296D54B0073F3AF /* Resources */,
			);
			buildRules = (
			);
			dependencies = (
			);
			name = MyUICF;
			productName = UIComponentsFramework;
			productReference = EE3EBA792296D54B0073F3AF /* MyUICF.framework */;
			productType = "com.apple.product-type.framework";
		};
		EEB7A1FA2290E30600A0C3F2 /* UIComponentsFramework */ = {
			isa = PBXNativeTarget;
			buildConfigurationList = EEB7A2032290E30600A0C3F2 /* Build configuration list for PBXNativeTarget "UIComponentsFramework" */;
			buildPhases = (
				3E4270E41EE1BDD3CD2687D7 /* [CP] Check Pods Manifest.lock */,
				EEB7A1F62290E30600A0C3F2 /* Headers */,
				EEB7A1F72290E30600A0C3F2 /* Sources */,
				EEB7A1F82290E30600A0C3F2 /* Frameworks */,
				EEB7A1F92290E30600A0C3F2 /* Resources */,
			);
			buildRules = (
			);
			dependencies = (
			);
			name = UIComponentsFramework;
			productName = UIComponentsFramework;
			productReference = EEB7A1FB2290E30600A0C3F2 /* UIComponentsFramework.framework */;
			productType = "com.apple.product-type.framework";
		};
/* End PBXNativeTarget section */

/* Begin PBXProject section */
		EEB7A1F22290E30600A0C3F2 /* Project object */ = {
			isa = PBXProject;
			attributes = {
				LastUpgradeCheck = 1010;
				ORGANIZATIONNAME = "Lainel John Dela Cruz";
				TargetAttributes = {
					EEB7A1FA2290E30600A0C3F2 = {
						CreatedOnToolsVersion = 10.1;
						LastSwiftMigration = 1010;
					};
				};
			};
			buildConfigurationList = EEB7A1F52290E30600A0C3F2 /* Build configuration list for PBXProject "UIComponentsFramework" */;
			compatibilityVersion = "Xcode 9.3";
			developmentRegion = en;
			hasScannedForEncodings = 0;
			knownRegions = (
				en,
			);
			mainGroup = EEB7A1F12290E30600A0C3F2;
			productRefGroup = EEB7A1FC2290E30600A0C3F2 /* Products */;
			projectDirPath = "";
			projectRoot = "";
			targets = (
				EEB7A1FA2290E30600A0C3F2 /* UIComponentsFramework */,
				EE3EBA512296D54B0073F3AF /* MyUICF */,
			);
		};
/* End PBXProject section */

/* Begin PBXResourcesBuildPhase section */
		EE3EBA692296D54B0073F3AF /* Resources */ = {
			isa = PBXResourcesBuildPhase;
			buildActionMask = 2147483647;
			files = (
				EE3EBA6A2296D54B0073F3AF /* PopupBasic2.xib in Resources */,
				EE3EBA6B2296D54B0073F3AF /* Content3View.xib in Resources */,
				EE3EBA6C2296D54B0073F3AF /* Content2View.xib in Resources */,
				EE3EBA6D2296D54B0073F3AF /* view1.xib in Resources */,
				EE3EBA6E2296D54B0073F3AF /* AdsContent1.xib in Resources */,
				EE3EBA6F2296D54B0073F3AF /* OTP4DigitView.xib in Resources */,
				EE3EBA702296D54B0073F3AF /* Toolbar1.xib in Resources */,
				EE3EBA712296D54B0073F3AF /* myProgressHUDBasic.xib in Resources */,
				EE3EBA722296D54B0073F3AF /* readme.md in Resources */,
				EE3EBA732296D54B0073F3AF /* Content1View.xib in Resources */,
				EE3EBA742296D54B0073F3AF /* Assets.xcassets in Resources */,
				EE3EBA752296D54B0073F3AF /* PopupBasic1.xib in Resources */,
			);
			runOnlyForDeploymentPostprocessing = 0;
		};
		EEB7A1F92290E30600A0C3F2 /* Resources */ = {
			isa = PBXResourcesBuildPhase;
			buildActionMask = 2147483647;
			files = (
				041074DF2293A25600BE0F51 /* PopupBasic2.xib in Resources */,
				0472FDF62297B93A00C72FDF /* ViewButtonMenu1.xib in Resources */,
				EE3EBA3B229419E50073F3AF /* Content3View.xib in Resources */,
				041075052293D85E00BE0F51 /* Content2View.xib in Resources */,
				EEB7A20B2290E36600A0C3F2 /* view1.xib in Resources */,
				041075502294F1C100BE0F51 /* AdsContent1.xib in Resources */,
				041074F82293D02000BE0F51 /* OTP4DigitView.xib in Resources */,
				041074E72293B4E700BE0F51 /* Toolbar1.xib in Resources */,
				041074CF2293903600BE0F51 /* myProgressHUDBasic.xib in Resources */,
				041074F32293CBFC00BE0F51 /* readme.md in Resources */,
				041075002293D65500BE0F51 /* Content1View.xib in Resources */,
				041074EC2293B52800BE0F51 /* Assets.xcassets in Resources */,
				041074D9229399A700BE0F51 /* PopupBasic1.xib in Resources */,
			);
			runOnlyForDeploymentPostprocessing = 0;
		};
/* End PBXResourcesBuildPhase section */

/* Begin PBXShellScriptBuildPhase section */
		3E4270E41EE1BDD3CD2687D7 /* [CP] Check Pods Manifest.lock */ = {
			isa = PBXShellScriptBuildPhase;
			buildActionMask = 2147483647;
			files = (
			);
			inputFileListPaths = (
			);
			inputPaths = (
				"${PODS_PODFILE_DIR_PATH}/Podfile.lock",
				"${PODS_ROOT}/Manifest.lock",
			);
			name = "[CP] Check Pods Manifest.lock";
			outputFileListPaths = (
			);
			outputPaths = (
				"$(DERIVED_FILE_DIR)/Pods-UIComponentsFramework-checkManifestLockResult.txt",
			);
			runOnlyForDeploymentPostprocessing = 0;
			shellPath = /bin/sh;
			shellScript = "diff \"${PODS_PODFILE_DIR_PATH}/Podfile.lock\" \"${PODS_ROOT}/Manifest.lock\" > /dev/null\nif [ $? != 0 ] ; then\n    # print error to STDERR\n    echo \"error: The sandbox is not in sync with the Podfile.lock. Run 'pod install' or update your CocoaPods installation.\" >&2\n    exit 1\nfi\n# This output is used by Xcode 'outputs' to avoid re-running this script phase.\necho \"SUCCESS\" > \"${SCRIPT_OUTPUT_FILE_0}\"\n";
			showEnvVarsInLog = 0;
		};
		EE3EBA522296D54B0073F3AF /* [CP] Check Pods Manifest.lock */ = {
			isa = PBXShellScriptBuildPhase;
			buildActionMask = 2147483647;
			files = (
			);
			inputFileListPaths = (
			);
			inputPaths = (
				"${PODS_PODFILE_DIR_PATH}/Podfile.lock",
				"${PODS_ROOT}/Manifest.lock",
			);
			name = "[CP] Check Pods Manifest.lock";
			outputFileListPaths = (
			);
			outputPaths = (
				"$(DERIVED_FILE_DIR)/Pods-UIComponentsFramework-checkManifestLockResult.txt",
			);
			runOnlyForDeploymentPostprocessing = 0;
			shellPath = /bin/sh;
			shellScript = "diff \"${PODS_PODFILE_DIR_PATH}/Podfile.lock\" \"${PODS_ROOT}/Manifest.lock\" > /dev/null\nif [ $? != 0 ] ; then\n    # print error to STDERR\n    echo \"error: The sandbox is not in sync with the Podfile.lock. Run 'pod install' or update your CocoaPods installation.\" >&2\n    exit 1\nfi\n# This output is used by Xcode 'outputs' to avoid re-running this script phase.\necho \"SUCCESS\" > \"${SCRIPT_OUTPUT_FILE_0}\"\n";
			showEnvVarsInLog = 0;
		};
/* End PBXShellScriptBuildPhase section */

/* Begin PBXSourcesBuildPhase section */
		EE3EBA552296D54B0073F3AF /* Sources */ = {
			isa = PBXSourcesBuildPhase;
			buildActionMask = 2147483647;
			files = (
				EE3EBA562296D54B0073F3AF /* AutoTextFields.swift in Sources */,
				EE3EBA572296D54B0073F3AF /* AdsContent1.swift in Sources */,
				EE3EBA582296D54B0073F3AF /* BackgroundView.swift in Sources */,
				EE3EBA592296D54B0073F3AF /* PopupBasic2.swift in Sources */,
				EE3EBA5A2296D54B0073F3AF /* UITextField+.swift in Sources */,
				EE3EBA5B2296D54B0073F3AF /* OTP4DigitView.swift in Sources */,
				EE3EBA5C2296D54B0073F3AF /* UITextView+.swift in Sources */,
				EE3EBA5D2296D54B0073F3AF /* Content2View.swift in Sources */,
				EE3EBA5E2296D54B0073F3AF /* UIView+.swift in Sources */,
				EE3EBA5F2296D54B0073F3AF /* myProgressHUDBasic.swift in Sources */,
				EE3EBA602296D54B0073F3AF /* Content1View.swift in Sources */,
				EE3EBA612296D54B0073F3AF /* BackgroundImage.swift in Sources */,
				EE3EBA622296D54B0073F3AF /* view1component.swift in Sources */,
				0472FDFE2297C3C000C72FDF /* ViewButtonMenu1.swift in Sources */,
				EE3EBA632296D54B0073F3AF /* UiUtil.swift in Sources */,
				EE3EBA642296D54B0073F3AF /* PopupBasic1.swift in Sources */,
				EE3EBA652296D54B0073F3AF /* Content3View.swift in Sources */,
				EE3EBA662296D54B0073F3AF /* Toolbar1.swift in Sources */,
			);
			runOnlyForDeploymentPostprocessing = 0;
		};
		EEB7A1F72290E30600A0C3F2 /* Sources */ = {
			isa = PBXSourcesBuildPhase;
			buildActionMask = 2147483647;
			files = (
				041074F52293CCD100BE0F51 /* AutoTextFields.swift in Sources */,
				041075522294F2F000BE0F51 /* AdsContent1.swift in Sources */,
				041074F12293CA2000BE0F51 /* BackgroundView.swift in Sources */,
				041074E12293A27E00BE0F51 /* PopupBasic2.swift in Sources */,
				041074FC2293D33700BE0F51 /* UITextField+.swift in Sources */,
				041074FA2293D10700BE0F51 /* OTP4DigitView.swift in Sources */,
				0410754C2294F06500BE0F51 /* UITextView+.swift in Sources */,
				041075072293D8EB00BE0F51 /* Content2View.swift in Sources */,
				041074D4229390C900BE0F51 /* UIView+.swift in Sources */,
				041074D12293905300BE0F51 /* myProgressHUDBasic.swift in Sources */,
				041075022293D6EF00BE0F51 /* Content1View.swift in Sources */,
				041074EF2293C7B500BE0F51 /* BackgroundImage.swift in Sources */,
				EEB7A2092290E35800A0C3F2 /* view1component.swift in Sources */,
				0472FDF82297BB2D00C72FDF /* ViewButtonMenu1.swift in Sources */,
				041074CB22938FA500BE0F51 /* UiUtil.swift in Sources */,
				041074DC22939A3200BE0F51 /* PopupBasic1.swift in Sources */,
				EE3EBA3D22941A500073F3AF /* Content3View.swift in Sources */,
				041074E92293B4F400BE0F51 /* Toolbar1.swift in Sources */,
			);
			runOnlyForDeploymentPostprocessing = 0;
		};
/* End PBXSourcesBuildPhase section */

/* Begin XCBuildConfiguration section */
		EE3EBA772296D54B0073F3AF /* Debug */ = {
			isa = XCBuildConfiguration;
			baseConfigurationReference = 7E02487FE4EF986314D51171 /* Pods-UIComponentsFramework.debug.xcconfig */;
			buildSettings = {
				CLANG_ENABLE_MODULES = YES;
				CODE_SIGN_IDENTITY = "";
				CODE_SIGN_STYLE = Automatic;
				DEFINES_MODULE = YES;
				DEVELOPMENT_TEAM = FTF953N9JJ;
				DYLIB_COMPATIBILITY_VERSION = 1;
				DYLIB_CURRENT_VERSION = 1;
				DYLIB_INSTALL_NAME_BASE = "@rpath";
				FRAMEWORK_SEARCH_PATHS = (
					"$(inherited)",
					"$(PROJECT_DIR)/UIComponentsFramework/sdks",
				);
				INFOPLIST_FILE = "UIComponentsFramework copy-Info.plist";
				INSTALL_PATH = "$(LOCAL_LIBRARY_DIR)/Frameworks";
				IPHONEOS_DEPLOYMENT_TARGET = 10.0;
				LD_RUNPATH_SEARCH_PATHS = (
					"$(inherited)",
					"@executable_path/Frameworks",
					"@loader_path/Frameworks",
				);
				PRODUCT_BUNDLE_IDENTIFIER = com.ljbdelacruz.UIComponentsFramework;
				PRODUCT_NAME = "$(TARGET_NAME)";
				SKIP_INSTALL = YES;
				SWIFT_OPTIMIZATION_LEVEL = "-Onone";
				SWIFT_VERSION = 4.2;
				TARGETED_DEVICE_FAMILY = "1,2";
			};
			name = Debug;
		};
		EE3EBA782296D54B0073F3AF /* Release */ = {
			isa = XCBuildConfiguration;
			baseConfigurationReference = E88ECB40F68A8461B7C3DFB0 /* Pods-UIComponentsFramework.release.xcconfig */;
			buildSettings = {
				CLANG_ENABLE_MODULES = YES;
				CODE_SIGN_IDENTITY = "";
				CODE_SIGN_STYLE = Automatic;
				DEFINES_MODULE = YES;
				DEVELOPMENT_TEAM = FTF953N9JJ;
				DYLIB_COMPATIBILITY_VERSION = 1;
				DYLIB_CURRENT_VERSION = 1;
				DYLIB_INSTALL_NAME_BASE = "@rpath";
				FRAMEWORK_SEARCH_PATHS = (
					"$(inherited)",
					"$(PROJECT_DIR)/UIComponentsFramework/sdks",
				);
				INFOPLIST_FILE = "UIComponentsFramework copy-Info.plist";
				INSTALL_PATH = "$(LOCAL_LIBRARY_DIR)/Frameworks";
				IPHONEOS_DEPLOYMENT_TARGET = 10.0;
				LD_RUNPATH_SEARCH_PATHS = (
					"$(inherited)",
					"@executable_path/Frameworks",
					"@loader_path/Frameworks",
				);
				PRODUCT_BUNDLE_IDENTIFIER = com.ljbdelacruz.UIComponentsFramework;
				PRODUCT_NAME = "$(TARGET_NAME)";
				SKIP_INSTALL = YES;
				SWIFT_VERSION = 4.2;
				TARGETED_DEVICE_FAMILY = "1,2";
			};
			name = Release;
		};
		EEB7A2012290E30600A0C3F2 /* Debug */ = {
			isa = XCBuildConfiguration;
			buildSettings = {
				ALWAYS_SEARCH_USER_PATHS = NO;
				BITCODE_GENERATION_MODE = marker;
				CLANG_ANALYZER_NONNULL = YES;
				CLANG_ANALYZER_NUMBER_OBJECT_CONVERSION = YES_AGGRESSIVE;
				CLANG_CXX_LANGUAGE_STANDARD = "gnu++14";
				CLANG_CXX_LIBRARY = "libc++";
				CLANG_ENABLE_MODULES = YES;
				CLANG_ENABLE_OBJC_ARC = YES;
				CLANG_ENABLE_OBJC_WEAK = YES;
				CLANG_WARN_BLOCK_CAPTURE_AUTORELEASING = YES;
				CLANG_WARN_BOOL_CONVERSION = YES;
				CLANG_WARN_COMMA = YES;
				CLANG_WARN_CONSTANT_CONVERSION = YES;
				CLANG_WARN_DEPRECATED_OBJC_IMPLEMENTATIONS = YES;
				CLANG_WARN_DIRECT_OBJC_ISA_USAGE = YES_ERROR;
				CLANG_WARN_DOCUMENTATION_COMMENTS = YES;
				CLANG_WARN_EMPTY_BODY = YES;
				CLANG_WARN_ENUM_CONVERSION = YES;
				CLANG_WARN_INFINITE_RECURSION = YES;
				CLANG_WARN_INT_CONVERSION = YES;
				CLANG_WARN_NON_LITERAL_NULL_CONVERSION = YES;
				CLANG_WARN_OBJC_IMPLICIT_RETAIN_SELF = YES;
				CLANG_WARN_OBJC_LITERAL_CONVERSION = YES;
				CLANG_WARN_OBJC_ROOT_CLASS = YES_ERROR;
				CLANG_WARN_RANGE_LOOP_ANALYSIS = YES;
				CLANG_WARN_STRICT_PROTOTYPES = YES;
				CLANG_WARN_SUSPICIOUS_MOVE = YES;
				CLANG_WARN_UNGUARDED_AVAILABILITY = YES_AGGRESSIVE;
				CLANG_WARN_UNREACHABLE_CODE = YES;
				CLANG_WARN__DUPLICATE_METHOD_MATCH = YES;
				CODE_SIGN_IDENTITY = "iPhone Developer";
				COPY_PHASE_STRIP = NO;
				CURRENT_PROJECT_VERSION = 1;
				DEBUG_INFORMATION_FORMAT = dwarf;
				ENABLE_STRICT_OBJC_MSGSEND = YES;
				ENABLE_TESTABILITY = YES;
				GCC_C_LANGUAGE_STANDARD = gnu11;
				GCC_DYNAMIC_NO_PIC = NO;
				GCC_NO_COMMON_BLOCKS = YES;
				GCC_OPTIMIZATION_LEVEL = 0;
				GCC_PREPROCESSOR_DEFINITIONS = (
					"DEBUG=1",
					"$(inherited)",
				);
				GCC_WARN_64_TO_32_BIT_CONVERSION = YES;
				GCC_WARN_ABOUT_RETURN_TYPE = YES_ERROR;
				GCC_WARN_UNDECLARED_SELECTOR = YES;
				GCC_WARN_UNINITIALIZED_AUTOS = YES_AGGRESSIVE;
				GCC_WARN_UNUSED_FUNCTION = YES;
				GCC_WARN_UNUSED_VARIABLE = YES;
				IPHONEOS_DEPLOYMENT_TARGET = 12.1;
				MTL_ENABLE_DEBUG_INFO = INCLUDE_SOURCE;
				MTL_FAST_MATH = YES;
				ONLY_ACTIVE_ARCH = YES;
				OTHER_CFLAGS = "-fembed-bitcode-marker";
				SDKROOT = iphoneos;
				SWIFT_ACTIVE_COMPILATION_CONDITIONS = DEBUG;
				SWIFT_OPTIMIZATION_LEVEL = "-Onone";
				VERSIONING_SYSTEM = "apple-generic";
				VERSION_INFO_PREFIX = "";
			};
			name = Debug;
		};
		EEB7A2022290E30600A0C3F2 /* Release */ = {
			isa = XCBuildConfiguration;
			buildSettings = {
				ALWAYS_SEARCH_USER_PATHS = NO;
				BITCODE_GENERATION_MODE = bitcode;
				CLANG_ANALYZER_NONNULL = YES;
				CLANG_ANALYZER_NUMBER_OBJECT_CONVERSION = YES_AGGRESSIVE;
				CLANG_CXX_LANGUAGE_STANDARD = "gnu++14";
				CLANG_CXX_LIBRARY = "libc++";
				CLANG_ENABLE_MODULES = YES;
				CLANG_ENABLE_OBJC_ARC = YES;
				CLANG_ENABLE_OBJC_WEAK = YES;
				CLANG_WARN_BLOCK_CAPTURE_AUTORELEASING = YES;
				CLANG_WARN_BOOL_CONVERSION = YES;
				CLANG_WARN_COMMA = YES;
				CLANG_WARN_CONSTANT_CONVERSION = YES;
				CLANG_WARN_DEPRECATED_OBJC_IMPLEMENTATIONS = YES;
				CLANG_WARN_DIRECT_OBJC_ISA_USAGE = YES_ERROR;
				CLANG_WARN_DOCUMENTATION_COMMENTS = YES;
				CLANG_WARN_EMPTY_BODY = YES;
				CLANG_WARN_ENUM_CONVERSION = YES;
				CLANG_WARN_INFINITE_RECURSION = YES;
				CLANG_WARN_INT_CONVERSION = YES;
				CLANG_WARN_NON_LITERAL_NULL_CONVERSION = YES;
				CLANG_WARN_OBJC_IMPLICIT_RETAIN_SELF = YES;
				CLANG_WARN_OBJC_LITERAL_CONVERSION = YES;
				CLANG_WARN_OBJC_ROOT_CLASS = YES_ERROR;
				CLANG_WARN_RANGE_LOOP_ANALYSIS = YES;
				CLANG_WARN_STRICT_PROTOTYPES = YES;
				CLANG_WARN_SUSPICIOUS_MOVE = YES;
				CLANG_WARN_UNGUARDED_AVAILABILITY = YES_AGGRESSIVE;
				CLANG_WARN_UNREACHABLE_CODE = YES;
				CLANG_WARN__DUPLICATE_METHOD_MATCH = YES;
				CODE_SIGN_IDENTITY = "iPhone Developer";
				COPY_PHASE_STRIP = NO;
				CURRENT_PROJECT_VERSION = 1;
				DEBUG_INFORMATION_FORMAT = "dwarf-with-dsym";
				ENABLE_NS_ASSERTIONS = NO;
				ENABLE_STRICT_OBJC_MSGSEND = YES;
				GCC_C_LANGUAGE_STANDARD = gnu11;
				GCC_NO_COMMON_BLOCKS = YES;
				GCC_WARN_64_TO_32_BIT_CONVERSION = YES;
				GCC_WARN_ABOUT_RETURN_TYPE = YES_ERROR;
				GCC_WARN_UNDECLARED_SELECTOR = YES;
				GCC_WARN_UNINITIALIZED_AUTOS = YES_AGGRESSIVE;
				GCC_WARN_UNUSED_FUNCTION = YES;
				GCC_WARN_UNUSED_VARIABLE = YES;
				IPHONEOS_DEPLOYMENT_TARGET = 12.1;
				MTL_ENABLE_DEBUG_INFO = NO;
				MTL_FAST_MATH = YES;
				OTHER_CFLAGS = "-fembed-bitcode";
				SDKROOT = iphoneos;
				SWIFT_COMPILATION_MODE = wholemodule;
				SWIFT_OPTIMIZATION_LEVEL = "-O";
				VALIDATE_PRODUCT = YES;
				VERSIONING_SYSTEM = "apple-generic";
				VERSION_INFO_PREFIX = "";
			};
			name = Release;
		};
		EEB7A2042290E30600A0C3F2 /* Debug */ = {
			isa = XCBuildConfiguration;
			baseConfigurationReference = 7E02487FE4EF986314D51171 /* Pods-UIComponentsFramework.debug.xcconfig */;
			buildSettings = {
				CLANG_ENABLE_MODULES = YES;
				CODE_SIGN_IDENTITY = "";
				CODE_SIGN_STYLE = Automatic;
				DEFINES_MODULE = YES;
				DEVELOPMENT_TEAM = F5E94QHJVA;
				DYLIB_COMPATIBILITY_VERSION = 1;
				DYLIB_CURRENT_VERSION = 1;
				DYLIB_INSTALL_NAME_BASE = "@rpath";
				FRAMEWORK_SEARCH_PATHS = (
					"$(inherited)",
					"$(PROJECT_DIR)/UIComponentsFramework/sdks",
				);
				INFOPLIST_FILE = UIComponentsFramework/Info.plist;
				INSTALL_PATH = "$(LOCAL_LIBRARY_DIR)/Frameworks";
				IPHONEOS_DEPLOYMENT_TARGET = 10.0;
				LD_RUNPATH_SEARCH_PATHS = (
					"$(inherited)",
					"@executable_path/Frameworks",
					"@loader_path/Frameworks",
				);
				PRODUCT_BUNDLE_IDENTIFIER = com.ljbdelacruz.UIComponentsFramework;
				PRODUCT_NAME = "$(TARGET_NAME:c99extidentifier)";
				SKIP_INSTALL = YES;
				SWIFT_OPTIMIZATION_LEVEL = "-Onone";
				SWIFT_VERSION = 4.2;
				TARGETED_DEVICE_FAMILY = "1,2";
			};
			name = Debug;
		};
		EEB7A2052290E30600A0C3F2 /* Release */ = {
			isa = XCBuildConfiguration;
			baseConfigurationReference = E88ECB40F68A8461B7C3DFB0 /* Pods-UIComponentsFramework.release.xcconfig */;
			buildSettings = {
				CLANG_ENABLE_MODULES = YES;
				CODE_SIGN_IDENTITY = "";
				CODE_SIGN_STYLE = Automatic;
				DEFINES_MODULE = YES;
				DEVELOPMENT_TEAM = F5E94QHJVA;
				DYLIB_COMPATIBILITY_VERSION = 1;
				DYLIB_CURRENT_VERSION = 1;
				DYLIB_INSTALL_NAME_BASE = "@rpath";
				FRAMEWORK_SEARCH_PATHS = (
					"$(inherited)",
					"$(PROJECT_DIR)/UIComponentsFramework/sdks",
				);
				INFOPLIST_FILE = UIComponentsFramework/Info.plist;
				INSTALL_PATH = "$(LOCAL_LIBRARY_DIR)/Frameworks";
				IPHONEOS_DEPLOYMENT_TARGET = 10.0;
				LD_RUNPATH_SEARCH_PATHS = (
					"$(inherited)",
					"@executable_path/Frameworks",
					"@loader_path/Frameworks",
				);
				PRODUCT_BUNDLE_IDENTIFIER = com.ljbdelacruz.UIComponentsFramework;
				PRODUCT_NAME = "$(TARGET_NAME:c99extidentifier)";
				SKIP_INSTALL = YES;
				SWIFT_VERSION = 4.2;
				TARGETED_DEVICE_FAMILY = "1,2";
			};
			name = Release;
		};
/* End XCBuildConfiguration section */

/* Begin XCConfigurationList section */
		EE3EBA762296D54B0073F3AF /* Build configuration list for PBXNativeTarget "MyUICF" */ = {
			isa = XCConfigurationList;
			buildConfigurations = (
				EE3EBA772296D54B0073F3AF /* Debug */,
				EE3EBA782296D54B0073F3AF /* Release */,
			);
			defaultConfigurationIsVisible = 0;
			defaultConfigurationName = Release;
		};
		EEB7A1F52290E30600A0C3F2 /* Build configuration list for PBXProject "UIComponentsFramework" */ = {
			isa = XCConfigurationList;
			buildConfigurations = (
				EEB7A2012290E30600A0C3F2 /* Debug */,
				EEB7A2022290E30600A0C3F2 /* Release */,
			);
			defaultConfigurationIsVisible = 0;
			defaultConfigurationName = Release;
		};
		EEB7A2032290E30600A0C3F2 /* Build configuration list for PBXNativeTarget "UIComponentsFramework" */ = {
			isa = XCConfigurationList;
			buildConfigurations = (
				EEB7A2042290E30600A0C3F2 /* Debug */,
				EEB7A2052290E30600A0C3F2 /* Release */,
			);
			defaultConfigurationIsVisible = 0;
			defaultConfigurationName = Release;
		};
/* End XCConfigurationList section */
	};
	rootObject = EEB7A1F22290E30600A0C3F2 /* Project object */;
}
