// !$*UTF8*$!
{
	archiveVersion = 1;
	classes = {
	};
	objectVersion = 50;
	objects = {

/* Begin PBXBuildFile section */
		041074CB22938FA500BE0F51 /* UiUtil.swift in Sources */ = {isa = PBXBuildFile; fileRef = 041074CA22938FA500BE0F51 /* UiUtil.swift */; };
		041074CF2293903600BE0F51 /* myProgressHUDBasic.xib in Resources */ = {isa = PBXBuildFile; fileRef = 041074CE2293903600BE0F51 /* myProgressHUDBasic.xib */; };
		041074D12293905300BE0F51 /* myProgressHUDBasic.swift in Sources */ = {isa = PBXBuildFile; fileRef = 041074D02293905300BE0F51 /* myProgressHUDBasic.swift */; };
		041074D4229390C900BE0F51 /* UIView+.swift in Sources */ = {isa = PBXBuildFile; fileRef = 041074D3229390C900BE0F51 /* UIView+.swift */; };
		041074D9229399A700BE0F51 /* PopupBasic1.xib in Resources */ = {isa = PBXBuildFile; fileRef = 041074D8229399A700BE0F51 /* PopupBasic1.xib */; };
		041074DC22939A3200BE0F51 /* PopupBasic1.swift in Sources */ = {isa = PBXBuildFile; fileRef = 041074DB22939A3200BE0F51 /* PopupBasic1.swift */; };
		041074DF2293A25600BE0F51 /* PopupBasic2.xib in Resources */ = {isa = PBXBuildFile; fileRef = 041074DE2293A25600BE0F51 /* PopupBasic2.xib */; };
		041074E12293A27E00BE0F51 /* PopupBasic2.swift in Sources */ = {isa = PBXBuildFile; fileRef = 041074E02293A27E00BE0F51 /* PopupBasic2.swift */; };
		041074E72293B4E700BE0F51 /* Toolbar1.xib in Resources */ = {isa = PBXBuildFile; fileRef = 041074E62293B4E700BE0F51 /* Toolbar1.xib */; };
		041074E92293B4F400BE0F51 /* Toolbar1.swift in Sources */ = {isa = PBXBuildFile; fileRef = 041074E82293B4F400BE0F51 /* Toolbar1.swift */; };
		041074EC2293B52800BE0F51 /* Assets.xcassets in Resources */ = {isa = PBXBuildFile; fileRef = 041074EB2293B52800BE0F51 /* Assets.xcassets */; };
		041074EF2293C7B500BE0F51 /* BackgroundImage.swift in Sources */ = {isa = PBXBuildFile; fileRef = 041074EE2293C7B500BE0F51 /* BackgroundImage.swift */; };
		041074F12293CA2000BE0F51 /* BackgroundView.swift in Sources */ = {isa = PBXBuildFile; fileRef = 041074F02293CA2000BE0F51 /* BackgroundView.swift */; };
		041074F32293CBFC00BE0F51 /* readme.md in Resources */ = {isa = PBXBuildFile; fileRef = 041074F22293CBFC00BE0F51 /* readme.md */; };
		041074F52293CCD100BE0F51 /* AutoTextFields.swift in Sources */ = {isa = PBXBuildFile; fileRef = 041074F42293CCD100BE0F51 /* AutoTextFields.swift */; };
		041074F82293D02000BE0F51 /* OTP4DigitView.xib in Resources */ = {isa = PBXBuildFile; fileRef = 041074F72293D02000BE0F51 /* OTP4DigitView.xib */; };
		041074FA2293D10700BE0F51 /* OTP4DigitView.swift in Sources */ = {isa = PBXBuildFile; fileRef = 041074F92293D10700BE0F51 /* OTP4DigitView.swift */; };
		041074FC2293D33700BE0F51 /* UITextField+.swift in Sources */ = {isa = PBXBuildFile; fileRef = 041074FB2293D33700BE0F51 /* UITextField+.swift */; };
		041075002293D65500BE0F51 /* Content1View.xib in Resources */ = {isa = PBXBuildFile; fileRef = 041074FF2293D65500BE0F51 /* Content1View.xib */; };
		041075022293D6EF00BE0F51 /* Content1View.swift in Sources */ = {isa = PBXBuildFile; fileRef = 041075012293D6EF00BE0F51 /* Content1View.swift */; };
		041075052293D85E00BE0F51 /* Content2View.xib in Resources */ = {isa = PBXBuildFile; fileRef = 041075042293D85E00BE0F51 /* Content2View.xib */; };
		041075072293D8EB00BE0F51 /* Content2View.swift in Sources */ = {isa = PBXBuildFile; fileRef = 041075062293D8EB00BE0F51 /* Content2View.swift */; };
		0410754C2294F06500BE0F51 /* UITextView+.swift in Sources */ = {isa = PBXBuildFile; fileRef = 0410754B2294F06500BE0F51 /* UITextView+.swift */; };
		041075502294F1C100BE0F51 /* AdsContent1.xib in Resources */ = {isa = PBXBuildFile; fileRef = 0410754F2294F1C100BE0F51 /* AdsContent1.xib */; };
		041075522294F2F000BE0F51 /* AdsContent1.swift in Sources */ = {isa = PBXBuildFile; fileRef = 041075512294F2F000BE0F51 /* AdsContent1.swift */; };
		0472FDF62297B93A00C72FDF /* ViewButtonMenu1.xib in Resources */ = {isa = PBXBuildFile; fileRef = 0472FDF52297B93A00C72FDF /* ViewButtonMenu1.xib */; };
		0472FDF82297BB2D00C72FDF /* ViewButtonMenu1.swift in Sources */ = {isa = PBXBuildFile; fileRef = 0472FDF72297BB2D00C72FDF /* ViewButtonMenu1.swift */; };
		049A9E1522AA59490053AC8A /* UploadButton1.swift in Sources */ = {isa = PBXBuildFile; fileRef = 049A9E1422AA59490053AC8A /* UploadButton1.swift */; };
		049A9E1922AA599A0053AC8A /* UploadButton1.xib in Resources */ = {isa = PBXBuildFile; fileRef = 049A9E1822AA599A0053AC8A /* UploadButton1.xib */; };
		049A9E1B22AA5C1F0053AC8A /* Button+.swift in Sources */ = {isa = PBXBuildFile; fileRef = 049A9E1A22AA5C1F0053AC8A /* Button+.swift */; };
		049A9E2022AE0FF10053AC8A /* RatingsCustom1.xib in Resources */ = {isa = PBXBuildFile; fileRef = 049A9E1F22AE0FF10053AC8A /* RatingsCustom1.xib */; };
		049A9E2222AE11D50053AC8A /* RatingsCustom1.swift in Sources */ = {isa = PBXBuildFile; fileRef = 049A9E2122AE11D50053AC8A /* RatingsCustom1.swift */; };
		049A9E2622AE2CD60053AC8A /* UserDisplayCustom1.xib in Resources */ = {isa = PBXBuildFile; fileRef = 049A9E2522AE2CD60053AC8A /* UserDisplayCustom1.xib */; };
		049A9E2822AE31340053AC8A /* UserDisplayCustom1.swift in Sources */ = {isa = PBXBuildFile; fileRef = 049A9E2722AE31340053AC8A /* UserDisplayCustom1.swift */; };
		049A9E2A22AE35440053AC8A /* UIImageView+.swift in Sources */ = {isa = PBXBuildFile; fileRef = 049A9E2922AE35440053AC8A /* UIImageView+.swift */; };
		049A9E2D22AE41E40053AC8A /* CategoryButton1.xib in Resources */ = {isa = PBXBuildFile; fileRef = 049A9E2C22AE41E40053AC8A /* CategoryButton1.xib */; };
		049A9E2F22AE43FB0053AC8A /* CategoryButton1.swift in Sources */ = {isa = PBXBuildFile; fileRef = 049A9E2E22AE43FB0053AC8A /* CategoryButton1.swift */; };
		049A9E3222AE46B40053AC8A /* twoEventTF1.xib in Resources */ = {isa = PBXBuildFile; fileRef = 049A9E3122AE46B40053AC8A /* twoEventTF1.xib */; };
		049A9E3422AE49D40053AC8A /* twoEventTF1.swift in Sources */ = {isa = PBXBuildFile; fileRef = 049A9E3322AE49D40053AC8A /* twoEventTF1.swift */; };
		049A9E3822AE56050053AC8A /* RoundedButtonDesign1.xib in Resources */ = {isa = PBXBuildFile; fileRef = 049A9E3722AE56050053AC8A /* RoundedButtonDesign1.xib */; };
		049A9E3A22AE563A0053AC8A /* RoundedButtonDesign1.swift in Sources */ = {isa = PBXBuildFile; fileRef = 049A9E3922AE563A0053AC8A /* RoundedButtonDesign1.swift */; };
		049A9E3D22AF43410053AC8A /* AdsTitle1.xib in Resources */ = {isa = PBXBuildFile; fileRef = 049A9E3C22AF43410053AC8A /* AdsTitle1.xib */; };
		049A9E3F22AF445C0053AC8A /* AdsTitle1.swift in Sources */ = {isa = PBXBuildFile; fileRef = 049A9E3E22AF445C0053AC8A /* AdsTitle1.swift */; };
		049A9E4222AF5BA20053AC8A /* AdsDescription1.xib in Resources */ = {isa = PBXBuildFile; fileRef = 049A9E4122AF5BA20053AC8A /* AdsDescription1.xib */; };
		049A9E4422AF5BB60053AC8A /* AdsDescription1.swift in Sources */ = {isa = PBXBuildFile; fileRef = 049A9E4322AF5BB60053AC8A /* AdsDescription1.swift */; };
		049A9E4722AF83540053AC8A /* AdsTemplate1.xib in Resources */ = {isa = PBXBuildFile; fileRef = 049A9E4622AF83540053AC8A /* AdsTemplate1.xib */; };
		049A9E4922AF83870053AC8A /* AdsTemplate1.swift in Sources */ = {isa = PBXBuildFile; fileRef = 049A9E4822AF83870053AC8A /* AdsTemplate1.swift */; };
		049A9E4C22AF90E20053AC8A /* transactionCell1.xib in Resources */ = {isa = PBXBuildFile; fileRef = 049A9E4B22AF90E20053AC8A /* transactionCell1.xib */; };
		049A9E4E22AF93190053AC8A /* transactionCell1TV.swift in Sources */ = {isa = PBXBuildFile; fileRef = 049A9E4D22AF93190053AC8A /* transactionCell1TV.swift */; };
		049A9E5322AF94F20053AC8A /* cardCell1.xib in Resources */ = {isa = PBXBuildFile; fileRef = 049A9E5222AF94F20053AC8A /* cardCell1.xib */; };
		049A9E5522AF96330053AC8A /* cardCell1.swift in Sources */ = {isa = PBXBuildFile; fileRef = 049A9E5422AF96330053AC8A /* cardCell1.swift */; };
		049A9E5922AF96DD0053AC8A /* cardCell2.xib in Resources */ = {isa = PBXBuildFile; fileRef = 049A9E5822AF96DD0053AC8A /* cardCell2.xib */; };
		049A9E5C22AF9DC80053AC8A /* buttonCell1.xib in Resources */ = {isa = PBXBuildFile; fileRef = 049A9E5B22AF9DC80053AC8A /* buttonCell1.xib */; };
		049A9E5E22AF9E490053AC8A /* buttonCell1TableViewCell.swift in Sources */ = {isa = PBXBuildFile; fileRef = 049A9E5D22AF9E490053AC8A /* buttonCell1TableViewCell.swift */; };
		049A9E6022AF9F670053AC8A /* cardCell1TableViewCell.swift in Sources */ = {isa = PBXBuildFile; fileRef = 049A9E5F22AF9F670053AC8A /* cardCell1TableViewCell.swift */; };
		049A9E6322AFA2AF0053AC8A /* PointsCell1.xib in Resources */ = {isa = PBXBuildFile; fileRef = 049A9E6222AFA2AF0053AC8A /* PointsCell1.xib */; };
		049A9E6522AFA3DE0053AC8A /* PointsCell1.swift in Sources */ = {isa = PBXBuildFile; fileRef = 049A9E6422AFA3DE0053AC8A /* PointsCell1.swift */; };
		049A9E6A22AFB0E30053AC8A /* promotionCCell1.xib in Resources */ = {isa = PBXBuildFile; fileRef = 049A9E6922AFB0E30053AC8A /* promotionCCell1.xib */; };
		049A9E6C22AFB2190053AC8A /* PromotionCCell1.swift in Sources */ = {isa = PBXBuildFile; fileRef = 049A9E6B22AFB2190053AC8A /* PromotionCCell1.swift */; };
		049A9E6F22AFB4180053AC8A /* basicCell3.xib in Resources */ = {isa = PBXBuildFile; fileRef = 049A9E6E22AFB4180053AC8A /* basicCell3.xib */; };
		049A9E7122AFB4E80053AC8A /* basicCell3.swift in Sources */ = {isa = PBXBuildFile; fileRef = 049A9E7022AFB4E80053AC8A /* basicCell3.swift */; };
		049A9EE222B345210053AC8A /* MyCollectionCell.swift in Sources */ = {isa = PBXBuildFile; fileRef = 049A9EE122B345210053AC8A /* MyCollectionCell.swift */; };
		049A9EE522B362CC0053AC8A /* ImageBaseCacher.swift in Sources */ = {isa = PBXBuildFile; fileRef = 049A9EE422B362CC0053AC8A /* ImageBaseCacher.swift */; };
		049A9F0422B874360053AC8A /* ContainerDesign1.xib in Resources */ = {isa = PBXBuildFile; fileRef = 049A9F0322B874360053AC8A /* ContainerDesign1.xib */; };
		049A9F0822B874910053AC8A /* containerDesign1View.swift in Sources */ = {isa = PBXBuildFile; fileRef = 049A9F0722B874910053AC8A /* containerDesign1View.swift */; };
		049A9F8122B8B3D00053AC8A /* basicCell4.xib in Resources */ = {isa = PBXBuildFile; fileRef = 049A9F8022B8B3D00053AC8A /* basicCell4.xib */; };
		049A9F8322B8B3E90053AC8A /* basicCell4TableViewCell.swift in Sources */ = {isa = PBXBuildFile; fileRef = 049A9F8222B8B3E90053AC8A /* basicCell4TableViewCell.swift */; };
		04DC39E7229BE29F0004D473 /* RoundedImageTextFields.xib in Resources */ = {isa = PBXBuildFile; fileRef = 04DC39E6229BE29F0004D473 /* RoundedImageTextFields.xib */; };
		04DC39E9229BE3290004D473 /* RoundedImageTextFields.swift in Sources */ = {isa = PBXBuildFile; fileRef = 04DC39E8229BE3290004D473 /* RoundedImageTextFields.swift */; };
		EE3EBA3B229419E50073F3AF /* Content3View.xib in Resources */ = {isa = PBXBuildFile; fileRef = EE3EBA3A229419E50073F3AF /* Content3View.xib */; };
		EE3EBA3D22941A500073F3AF /* Content3View.swift in Sources */ = {isa = PBXBuildFile; fileRef = EE3EBA3C22941A500073F3AF /* Content3View.swift */; };
		EE3EBABC22983B490073F3AF /* card1View.xib in Resources */ = {isa = PBXBuildFile; fileRef = EE3EBABB22983B490073F3AF /* card1View.xib */; };
		EE3EBABE229843050073F3AF /* card1View.swift in Sources */ = {isa = PBXBuildFile; fileRef = EE3EBABD229843050073F3AF /* card1View.swift */; };
		EE3EBAC12298E6D60073F3AF /* AdsContent2View.xib in Resources */ = {isa = PBXBuildFile; fileRef = EE3EBAC02298E6D60073F3AF /* AdsContent2View.xib */; };
		EE3EBAC32298E6E60073F3AF /* AdsContent2View.swift in Sources */ = {isa = PBXBuildFile; fileRef = EE3EBAC22298E6E60073F3AF /* AdsContent2View.swift */; };
		EE3EBAC6229939CB0073F3AF /* ToolBar2View.xib in Resources */ = {isa = PBXBuildFile; fileRef = EE3EBAC5229939CB0073F3AF /* ToolBar2View.xib */; };
		EE3EBAC8229A1DB00073F3AF /* Toolbar2View.swift in Sources */ = {isa = PBXBuildFile; fileRef = EE3EBAC7229A1DB00073F3AF /* Toolbar2View.swift */; };
		EE3EBACD229A34E90073F3AF /* AdvancePopup1.xib in Resources */ = {isa = PBXBuildFile; fileRef = EE3EBACC229A34E90073F3AF /* AdvancePopup1.xib */; };
		EE3EBACF229A34FC0073F3AF /* AdvancePopup1.swift in Sources */ = {isa = PBXBuildFile; fileRef = EE3EBACE229A34FC0073F3AF /* AdvancePopup1.swift */; };
		EE3EBAD1229A86670073F3AF /* AdvancePopupViewModel.swift in Sources */ = {isa = PBXBuildFile; fileRef = EE3EBAD0229A86670073F3AF /* AdvancePopupViewModel.swift */; };
		EE3EBAD5229A8BEF0073F3AF /* basicCell1.xib in Resources */ = {isa = PBXBuildFile; fileRef = EE3EBAD4229A8BEF0073F3AF /* basicCell1.xib */; };
		EE3EBAD7229A8C860073F3AF /* basic1TableViewCell.swift in Sources */ = {isa = PBXBuildFile; fileRef = EE3EBAD6229A8C860073F3AF /* basic1TableViewCell.swift */; };
		EE3EBADA229A8DBD0073F3AF /* basicCell2.xib in Resources */ = {isa = PBXBuildFile; fileRef = EE3EBAD9229A8DBD0073F3AF /* basicCell2.xib */; };
		EE3EBADC229A8E500073F3AF /* basic2TableViewCell.swift in Sources */ = {isa = PBXBuildFile; fileRef = EE3EBADB229A8E500073F3AF /* basic2TableViewCell.swift */; };
		EE3EBAE022A004A70073F3AF /* Gmaps1View.xib in Resources */ = {isa = PBXBuildFile; fileRef = EE3EBADF22A004A70073F3AF /* Gmaps1View.xib */; };
		EE3EBAE222A004E20073F3AF /* GMaps1View.swift in Sources */ = {isa = PBXBuildFile; fileRef = EE3EBAE122A004E20073F3AF /* GMaps1View.swift */; };
		EE3EBB0B22A20C890073F3AF /* GoogleMaps.framework in Frameworks */ = {isa = PBXBuildFile; fileRef = EE3EBB0A22A20C890073F3AF /* GoogleMaps.framework */; };
		EE3EBB0D22A20C930073F3AF /* GoogleMapsCore.framework in Frameworks */ = {isa = PBXBuildFile; fileRef = EE3EBB0C22A20C920073F3AF /* GoogleMapsCore.framework */; };
		EEB7A2002290E30600A0C3F2 /* UIComponentsFramework.h in Headers */ = {isa = PBXBuildFile; fileRef = EEB7A1FE2290E30600A0C3F2 /* UIComponentsFramework.h */; settings = {ATTRIBUTES = (Public, ); }; };
		EEB7A2092290E35800A0C3F2 /* view1component.swift in Sources */ = {isa = PBXBuildFile; fileRef = EEB7A2082290E35800A0C3F2 /* view1component.swift */; };
		EEB7A20B2290E36600A0C3F2 /* view1.xib in Resources */ = {isa = PBXBuildFile; fileRef = EEB7A20A2290E36600A0C3F2 /* view1.xib */; };
		EEF07DBF22ABF79C00D9EBB6 /* 3ImageDisplay.xib in Resources */ = {isa = PBXBuildFile; fileRef = EEF07DBE22ABF79C00D9EBB6 /* 3ImageDisplay.xib */; };
		EEF07DC322ABF85200D9EBB6 /* t3ImageDisplay.swift in Sources */ = {isa = PBXBuildFile; fileRef = EEF07DC222ABF85200D9EBB6 /* t3ImageDisplay.swift */; };
		EEF07DC922ACB2A900D9EBB6 /* MenuButtons1.xib in Resources */ = {isa = PBXBuildFile; fileRef = EEF07DC822ACB2A900D9EBB6 /* MenuButtons1.xib */; };
		EEF07DCB22ACB40C00D9EBB6 /* MenuButton1.swift in Sources */ = {isa = PBXBuildFile; fileRef = EEF07DCA22ACB40C00D9EBB6 /* MenuButton1.swift */; };
		EEF07DCE22ACD8D700D9EBB6 /* CreditsDisplayButton1.xib in Resources */ = {isa = PBXBuildFile; fileRef = EEF07DCD22ACD8D700D9EBB6 /* CreditsDisplayButton1.xib */; };
		EEF07DD022ACD93500D9EBB6 /* CreditDisplayButton1.swift in Sources */ = {isa = PBXBuildFile; fileRef = EEF07DCF22ACD93500D9EBB6 /* CreditDisplayButton1.swift */; };
/* End PBXBuildFile section */

/* Begin PBXFileReference section */
		041074CA22938FA500BE0F51 /* UiUtil.swift */ = {isa = PBXFileReference; lastKnownFileType = sourcecode.swift; path = UiUtil.swift; sourceTree = "<group>"; };
		041074CE2293903600BE0F51 /* myProgressHUDBasic.xib */ = {isa = PBXFileReference; lastKnownFileType = file.xib; path = myProgressHUDBasic.xib; sourceTree = "<group>"; };
		041074D02293905300BE0F51 /* myProgressHUDBasic.swift */ = {isa = PBXFileReference; lastKnownFileType = sourcecode.swift; path = myProgressHUDBasic.swift; sourceTree = "<group>"; };
		041074D3229390C900BE0F51 /* UIView+.swift */ = {isa = PBXFileReference; lastKnownFileType = sourcecode.swift; path = "UIView+.swift"; sourceTree = "<group>"; };
		041074D8229399A700BE0F51 /* PopupBasic1.xib */ = {isa = PBXFileReference; lastKnownFileType = file.xib; path = PopupBasic1.xib; sourceTree = "<group>"; };
		041074DB22939A3200BE0F51 /* PopupBasic1.swift */ = {isa = PBXFileReference; lastKnownFileType = sourcecode.swift; path = PopupBasic1.swift; sourceTree = "<group>"; };
		041074DE2293A25600BE0F51 /* PopupBasic2.xib */ = {isa = PBXFileReference; lastKnownFileType = file.xib; path = PopupBasic2.xib; sourceTree = "<group>"; };
		041074E02293A27E00BE0F51 /* PopupBasic2.swift */ = {isa = PBXFileReference; lastKnownFileType = sourcecode.swift; path = PopupBasic2.swift; sourceTree = "<group>"; };
		041074E62293B4E700BE0F51 /* Toolbar1.xib */ = {isa = PBXFileReference; lastKnownFileType = file.xib; path = Toolbar1.xib; sourceTree = "<group>"; };
		041074E82293B4F400BE0F51 /* Toolbar1.swift */ = {isa = PBXFileReference; lastKnownFileType = sourcecode.swift; path = Toolbar1.swift; sourceTree = "<group>"; };
		041074EB2293B52800BE0F51 /* Assets.xcassets */ = {isa = PBXFileReference; lastKnownFileType = folder.assetcatalog; path = Assets.xcassets; sourceTree = "<group>"; };
		041074EE2293C7B500BE0F51 /* BackgroundImage.swift */ = {isa = PBXFileReference; lastKnownFileType = sourcecode.swift; path = BackgroundImage.swift; sourceTree = "<group>"; };
		041074F02293CA2000BE0F51 /* BackgroundView.swift */ = {isa = PBXFileReference; lastKnownFileType = sourcecode.swift; path = BackgroundView.swift; sourceTree = "<group>"; };
		041074F22293CBFC00BE0F51 /* readme.md */ = {isa = PBXFileReference; fileEncoding = 4; lastKnownFileType = net.daringfireball.markdown; path = readme.md; sourceTree = "<group>"; };
		041074F42293CCD100BE0F51 /* AutoTextFields.swift */ = {isa = PBXFileReference; lastKnownFileType = sourcecode.swift; path = AutoTextFields.swift; sourceTree = "<group>"; };
		041074F72293D02000BE0F51 /* OTP4DigitView.xib */ = {isa = PBXFileReference; lastKnownFileType = file.xib; path = OTP4DigitView.xib; sourceTree = "<group>"; };
		041074F92293D10700BE0F51 /* OTP4DigitView.swift */ = {isa = PBXFileReference; lastKnownFileType = sourcecode.swift; path = OTP4DigitView.swift; sourceTree = "<group>"; };
		041074FB2293D33700BE0F51 /* UITextField+.swift */ = {isa = PBXFileReference; lastKnownFileType = sourcecode.swift; path = "UITextField+.swift"; sourceTree = "<group>"; };
		041074FF2293D65500BE0F51 /* Content1View.xib */ = {isa = PBXFileReference; lastKnownFileType = file.xib; path = Content1View.xib; sourceTree = "<group>"; };
		041075012293D6EF00BE0F51 /* Content1View.swift */ = {isa = PBXFileReference; lastKnownFileType = sourcecode.swift; path = Content1View.swift; sourceTree = "<group>"; };
		041075042293D85E00BE0F51 /* Content2View.xib */ = {isa = PBXFileReference; lastKnownFileType = file.xib; path = Content2View.xib; sourceTree = "<group>"; };
		041075062293D8EB00BE0F51 /* Content2View.swift */ = {isa = PBXFileReference; lastKnownFileType = sourcecode.swift; path = Content2View.swift; sourceTree = "<group>"; };
		0410754B2294F06500BE0F51 /* UITextView+.swift */ = {isa = PBXFileReference; lastKnownFileType = sourcecode.swift; path = "UITextView+.swift"; sourceTree = "<group>"; };
		0410754F2294F1C100BE0F51 /* AdsContent1.xib */ = {isa = PBXFileReference; lastKnownFileType = file.xib; path = AdsContent1.xib; sourceTree = "<group>"; };
		041075512294F2F000BE0F51 /* AdsContent1.swift */ = {isa = PBXFileReference; lastKnownFileType = sourcecode.swift; path = AdsContent1.swift; sourceTree = "<group>"; };
		0472FDF52297B93A00C72FDF /* ViewButtonMenu1.xib */ = {isa = PBXFileReference; lastKnownFileType = file.xib; path = ViewButtonMenu1.xib; sourceTree = "<group>"; };
		0472FDF72297BB2D00C72FDF /* ViewButtonMenu1.swift */ = {isa = PBXFileReference; lastKnownFileType = sourcecode.swift; path = ViewButtonMenu1.swift; sourceTree = "<group>"; };
		049A9E1422AA59490053AC8A /* UploadButton1.swift */ = {isa = PBXFileReference; lastKnownFileType = sourcecode.swift; path = UploadButton1.swift; sourceTree = "<group>"; };
		049A9E1822AA599A0053AC8A /* UploadButton1.xib */ = {isa = PBXFileReference; lastKnownFileType = file.xib; path = UploadButton1.xib; sourceTree = "<group>"; };
		049A9E1A22AA5C1F0053AC8A /* Button+.swift */ = {isa = PBXFileReference; lastKnownFileType = sourcecode.swift; path = "Button+.swift"; sourceTree = "<group>"; };
		049A9E1F22AE0FF10053AC8A /* RatingsCustom1.xib */ = {isa = PBXFileReference; lastKnownFileType = file.xib; path = RatingsCustom1.xib; sourceTree = "<group>"; };
		049A9E2122AE11D50053AC8A /* RatingsCustom1.swift */ = {isa = PBXFileReference; lastKnownFileType = sourcecode.swift; path = RatingsCustom1.swift; sourceTree = "<group>"; };
		049A9E2522AE2CD60053AC8A /* UserDisplayCustom1.xib */ = {isa = PBXFileReference; lastKnownFileType = file.xib; path = UserDisplayCustom1.xib; sourceTree = "<group>"; };
		049A9E2722AE31340053AC8A /* UserDisplayCustom1.swift */ = {isa = PBXFileReference; lastKnownFileType = sourcecode.swift; path = UserDisplayCustom1.swift; sourceTree = "<group>"; };
		049A9E2922AE35440053AC8A /* UIImageView+.swift */ = {isa = PBXFileReference; lastKnownFileType = sourcecode.swift; path = "UIImageView+.swift"; sourceTree = "<group>"; };
		049A9E2C22AE41E40053AC8A /* CategoryButton1.xib */ = {isa = PBXFileReference; lastKnownFileType = file.xib; path = CategoryButton1.xib; sourceTree = "<group>"; };
		049A9E2E22AE43FB0053AC8A /* CategoryButton1.swift */ = {isa = PBXFileReference; lastKnownFileType = sourcecode.swift; path = CategoryButton1.swift; sourceTree = "<group>"; };
		049A9E3122AE46B40053AC8A /* twoEventTF1.xib */ = {isa = PBXFileReference; lastKnownFileType = file.xib; path = twoEventTF1.xib; sourceTree = "<group>"; };
		049A9E3322AE49D40053AC8A /* twoEventTF1.swift */ = {isa = PBXFileReference; lastKnownFileType = sourcecode.swift; path = twoEventTF1.swift; sourceTree = "<group>"; };
		049A9E3722AE56050053AC8A /* RoundedButtonDesign1.xib */ = {isa = PBXFileReference; lastKnownFileType = file.xib; path = RoundedButtonDesign1.xib; sourceTree = "<group>"; };
		049A9E3922AE563A0053AC8A /* RoundedButtonDesign1.swift */ = {isa = PBXFileReference; lastKnownFileType = sourcecode.swift; path = RoundedButtonDesign1.swift; sourceTree = "<group>"; };
		049A9E3C22AF43410053AC8A /* AdsTitle1.xib */ = {isa = PBXFileReference; lastKnownFileType = file.xib; path = AdsTitle1.xib; sourceTree = "<group>"; };
		049A9E3E22AF445C0053AC8A /* AdsTitle1.swift */ = {isa = PBXFileReference; lastKnownFileType = sourcecode.swift; path = AdsTitle1.swift; sourceTree = "<group>"; };
		049A9E4122AF5BA20053AC8A /* AdsDescription1.xib */ = {isa = PBXFileReference; lastKnownFileType = file.xib; path = AdsDescription1.xib; sourceTree = "<group>"; };
		049A9E4322AF5BB60053AC8A /* AdsDescription1.swift */ = {isa = PBXFileReference; lastKnownFileType = sourcecode.swift; path = AdsDescription1.swift; sourceTree = "<group>"; };
		049A9E4622AF83540053AC8A /* AdsTemplate1.xib */ = {isa = PBXFileReference; lastKnownFileType = file.xib; path = AdsTemplate1.xib; sourceTree = "<group>"; };
		049A9E4822AF83870053AC8A /* AdsTemplate1.swift */ = {isa = PBXFileReference; lastKnownFileType = sourcecode.swift; path = AdsTemplate1.swift; sourceTree = "<group>"; };
		049A9E4B22AF90E20053AC8A /* transactionCell1.xib */ = {isa = PBXFileReference; lastKnownFileType = file.xib; path = transactionCell1.xib; sourceTree = "<group>"; };
		049A9E4D22AF93190053AC8A /* transactionCell1TV.swift */ = {isa = PBXFileReference; lastKnownFileType = sourcecode.swift; path = transactionCell1TV.swift; sourceTree = "<group>"; };
		049A9E5222AF94F20053AC8A /* cardCell1.xib */ = {isa = PBXFileReference; lastKnownFileType = file.xib; path = cardCell1.xib; sourceTree = "<group>"; };
		049A9E5422AF96330053AC8A /* cardCell1.swift */ = {isa = PBXFileReference; lastKnownFileType = sourcecode.swift; path = cardCell1.swift; sourceTree = "<group>"; };
		049A9E5822AF96DD0053AC8A /* cardCell2.xib */ = {isa = PBXFileReference; lastKnownFileType = file.xib; path = cardCell2.xib; sourceTree = "<group>"; };
		049A9E5B22AF9DC80053AC8A /* buttonCell1.xib */ = {isa = PBXFileReference; lastKnownFileType = file.xib; path = buttonCell1.xib; sourceTree = "<group>"; };
		049A9E5D22AF9E490053AC8A /* buttonCell1TableViewCell.swift */ = {isa = PBXFileReference; lastKnownFileType = sourcecode.swift; path = buttonCell1TableViewCell.swift; sourceTree = "<group>"; };
		049A9E5F22AF9F670053AC8A /* cardCell1TableViewCell.swift */ = {isa = PBXFileReference; lastKnownFileType = sourcecode.swift; path = cardCell1TableViewCell.swift; sourceTree = "<group>"; };
		049A9E6222AFA2AF0053AC8A /* PointsCell1.xib */ = {isa = PBXFileReference; lastKnownFileType = file.xib; path = PointsCell1.xib; sourceTree = "<group>"; };
		049A9E6422AFA3DE0053AC8A /* PointsCell1.swift */ = {isa = PBXFileReference; lastKnownFileType = sourcecode.swift; path = PointsCell1.swift; sourceTree = "<group>"; };
		049A9E6922AFB0E30053AC8A /* promotionCCell1.xib */ = {isa = PBXFileReference; lastKnownFileType = file.xib; path = promotionCCell1.xib; sourceTree = "<group>"; };
		049A9E6B22AFB2190053AC8A /* PromotionCCell1.swift */ = {isa = PBXFileReference; lastKnownFileType = sourcecode.swift; path = PromotionCCell1.swift; sourceTree = "<group>"; };
		049A9E6E22AFB4180053AC8A /* basicCell3.xib */ = {isa = PBXFileReference; lastKnownFileType = file.xib; path = basicCell3.xib; sourceTree = "<group>"; };
		049A9E7022AFB4E80053AC8A /* basicCell3.swift */ = {isa = PBXFileReference; lastKnownFileType = sourcecode.swift; path = basicCell3.swift; sourceTree = "<group>"; };
		049A9EE122B345210053AC8A /* MyCollectionCell.swift */ = {isa = PBXFileReference; lastKnownFileType = sourcecode.swift; path = MyCollectionCell.swift; sourceTree = "<group>"; };
		049A9EE422B362CC0053AC8A /* ImageBaseCacher.swift */ = {isa = PBXFileReference; lastKnownFileType = sourcecode.swift; path = ImageBaseCacher.swift; sourceTree = "<group>"; };
		049A9F0322B874360053AC8A /* ContainerDesign1.xib */ = {isa = PBXFileReference; fileEncoding = 4; lastKnownFileType = file.xib; path = ContainerDesign1.xib; sourceTree = "<group>"; };
		049A9F0722B874910053AC8A /* containerDesign1View.swift */ = {isa = PBXFileReference; lastKnownFileType = sourcecode.swift; path = containerDesign1View.swift; sourceTree = "<group>"; };
		049A9F8022B8B3D00053AC8A /* basicCell4.xib */ = {isa = PBXFileReference; lastKnownFileType = file.xib; path = basicCell4.xib; sourceTree = "<group>"; };
		049A9F8222B8B3E90053AC8A /* basicCell4TableViewCell.swift */ = {isa = PBXFileReference; lastKnownFileType = sourcecode.swift; path = basicCell4TableViewCell.swift; sourceTree = "<group>"; };
		04DC39E6229BE29F0004D473 /* RoundedImageTextFields.xib */ = {isa = PBXFileReference; lastKnownFileType = file.xib; path = RoundedImageTextFields.xib; sourceTree = "<group>"; };
		04DC39E8229BE3290004D473 /* RoundedImageTextFields.swift */ = {isa = PBXFileReference; lastKnownFileType = sourcecode.swift; path = RoundedImageTextFields.swift; sourceTree = "<group>"; };
		3676F35252DAB90CCEBBC8D1 /* Pods_UIComponentsFramework.framework */ = {isa = PBXFileReference; explicitFileType = wrapper.framework; includeInIndex = 0; path = Pods_UIComponentsFramework.framework; sourceTree = BUILT_PRODUCTS_DIR; };
		7E02487FE4EF986314D51171 /* Pods-UIComponentsFramework.debug.xcconfig */ = {isa = PBXFileReference; includeInIndex = 1; lastKnownFileType = text.xcconfig; name = "Pods-UIComponentsFramework.debug.xcconfig"; path = "Target Support Files/Pods-UIComponentsFramework/Pods-UIComponentsFramework.debug.xcconfig"; sourceTree = "<group>"; };
		E88ECB40F68A8461B7C3DFB0 /* Pods-UIComponentsFramework.release.xcconfig */ = {isa = PBXFileReference; includeInIndex = 1; lastKnownFileType = text.xcconfig; name = "Pods-UIComponentsFramework.release.xcconfig"; path = "Target Support Files/Pods-UIComponentsFramework/Pods-UIComponentsFramework.release.xcconfig"; sourceTree = "<group>"; };
		EE3EBA3A229419E50073F3AF /* Content3View.xib */ = {isa = PBXFileReference; lastKnownFileType = file.xib; path = Content3View.xib; sourceTree = "<group>"; };
		EE3EBA3C22941A500073F3AF /* Content3View.swift */ = {isa = PBXFileReference; lastKnownFileType = sourcecode.swift; path = Content3View.swift; sourceTree = "<group>"; };
		EE3EBA7A2296D54B0073F3AF /* UIComponentsFramework copy-Info.plist */ = {isa = PBXFileReference; lastKnownFileType = text.plist.xml; name = "UIComponentsFramework copy-Info.plist"; path = "/Users/laineljohndelacruz/Desktop/GithubRepo/personal/UIComponentsFramework/UIComponentsFramework copy-Info.plist"; sourceTree = "<absolute>"; };
		EE3EBABB22983B490073F3AF /* card1View.xib */ = {isa = PBXFileReference; lastKnownFileType = file.xib; path = card1View.xib; sourceTree = "<group>"; };
		EE3EBABD229843050073F3AF /* card1View.swift */ = {isa = PBXFileReference; lastKnownFileType = sourcecode.swift; path = card1View.swift; sourceTree = "<group>"; };
		EE3EBAC02298E6D60073F3AF /* AdsContent2View.xib */ = {isa = PBXFileReference; lastKnownFileType = file.xib; path = AdsContent2View.xib; sourceTree = "<group>"; };
		EE3EBAC22298E6E60073F3AF /* AdsContent2View.swift */ = {isa = PBXFileReference; lastKnownFileType = sourcecode.swift; path = AdsContent2View.swift; sourceTree = "<group>"; };
		EE3EBAC5229939CB0073F3AF /* ToolBar2View.xib */ = {isa = PBXFileReference; lastKnownFileType = file.xib; path = ToolBar2View.xib; sourceTree = "<group>"; };
		EE3EBAC7229A1DB00073F3AF /* Toolbar2View.swift */ = {isa = PBXFileReference; lastKnownFileType = sourcecode.swift; path = Toolbar2View.swift; sourceTree = "<group>"; };
		EE3EBACC229A34E90073F3AF /* AdvancePopup1.xib */ = {isa = PBXFileReference; lastKnownFileType = file.xib; path = AdvancePopup1.xib; sourceTree = "<group>"; };
		EE3EBACE229A34FC0073F3AF /* AdvancePopup1.swift */ = {isa = PBXFileReference; lastKnownFileType = sourcecode.swift; path = AdvancePopup1.swift; sourceTree = "<group>"; };
		EE3EBAD0229A86670073F3AF /* AdvancePopupViewModel.swift */ = {isa = PBXFileReference; lastKnownFileType = sourcecode.swift; path = AdvancePopupViewModel.swift; sourceTree = "<group>"; };
		EE3EBAD4229A8BEF0073F3AF /* basicCell1.xib */ = {isa = PBXFileReference; lastKnownFileType = file.xib; path = basicCell1.xib; sourceTree = "<group>"; };
		EE3EBAD6229A8C860073F3AF /* basic1TableViewCell.swift */ = {isa = PBXFileReference; lastKnownFileType = sourcecode.swift; path = basic1TableViewCell.swift; sourceTree = "<group>"; };
		EE3EBAD9229A8DBD0073F3AF /* basicCell2.xib */ = {isa = PBXFileReference; lastKnownFileType = file.xib; path = basicCell2.xib; sourceTree = "<group>"; };
		EE3EBADB229A8E500073F3AF /* basic2TableViewCell.swift */ = {isa = PBXFileReference; lastKnownFileType = sourcecode.swift; path = basic2TableViewCell.swift; sourceTree = "<group>"; };
		EE3EBADF22A004A70073F3AF /* Gmaps1View.xib */ = {isa = PBXFileReference; lastKnownFileType = file.xib; path = Gmaps1View.xib; sourceTree = "<group>"; };
		EE3EBAE122A004E20073F3AF /* GMaps1View.swift */ = {isa = PBXFileReference; lastKnownFileType = sourcecode.swift; path = GMaps1View.swift; sourceTree = "<group>"; };
		EE3EBB0A22A20C890073F3AF /* GoogleMaps.framework */ = {isa = PBXFileReference; lastKnownFileType = wrapper.framework; name = GoogleMaps.framework; path = GoogleMaps/Maps/Frameworks/GoogleMaps.framework; sourceTree = "<group>"; };
		EE3EBB0C22A20C920073F3AF /* GoogleMapsCore.framework */ = {isa = PBXFileReference; lastKnownFileType = wrapper.framework; name = GoogleMapsCore.framework; path = GoogleMaps/Maps/Frameworks/GoogleMapsCore.framework; sourceTree = "<group>"; };
		EEB7A1FB2290E30600A0C3F2 /* UIComponentsFramework.framework */ = {isa = PBXFileReference; explicitFileType = wrapper.framework; includeInIndex = 0; path = UIComponentsFramework.framework; sourceTree = BUILT_PRODUCTS_DIR; };
		EEB7A1FE2290E30600A0C3F2 /* UIComponentsFramework.h */ = {isa = PBXFileReference; lastKnownFileType = sourcecode.c.h; path = UIComponentsFramework.h; sourceTree = "<group>"; };
		EEB7A1FF2290E30600A0C3F2 /* Info.plist */ = {isa = PBXFileReference; lastKnownFileType = text.plist.xml; path = Info.plist; sourceTree = "<group>"; };
		EEB7A2082290E35800A0C3F2 /* view1component.swift */ = {isa = PBXFileReference; lastKnownFileType = sourcecode.swift; path = view1component.swift; sourceTree = "<group>"; };
		EEB7A20A2290E36600A0C3F2 /* view1.xib */ = {isa = PBXFileReference; lastKnownFileType = file.xib; path = view1.xib; sourceTree = "<group>"; };
		EEF07DBE22ABF79C00D9EBB6 /* 3ImageDisplay.xib */ = {isa = PBXFileReference; lastKnownFileType = file.xib; path = 3ImageDisplay.xib; sourceTree = "<group>"; };
		EEF07DC222ABF85200D9EBB6 /* t3ImageDisplay.swift */ = {isa = PBXFileReference; lastKnownFileType = sourcecode.swift; path = t3ImageDisplay.swift; sourceTree = "<group>"; };
		EEF07DC822ACB2A900D9EBB6 /* MenuButtons1.xib */ = {isa = PBXFileReference; lastKnownFileType = file.xib; path = MenuButtons1.xib; sourceTree = "<group>"; };
		EEF07DCA22ACB40C00D9EBB6 /* MenuButton1.swift */ = {isa = PBXFileReference; lastKnownFileType = sourcecode.swift; path = MenuButton1.swift; sourceTree = "<group>"; };
		EEF07DCD22ACD8D700D9EBB6 /* CreditsDisplayButton1.xib */ = {isa = PBXFileReference; lastKnownFileType = file.xib; path = CreditsDisplayButton1.xib; sourceTree = "<group>"; };
		EEF07DCF22ACD93500D9EBB6 /* CreditDisplayButton1.swift */ = {isa = PBXFileReference; lastKnownFileType = sourcecode.swift; path = CreditDisplayButton1.swift; sourceTree = "<group>"; };
/* End PBXFileReference section */

/* Begin PBXFrameworksBuildPhase section */
		EEB7A1F82290E30600A0C3F2 /* Frameworks */ = {
			isa = PBXFrameworksBuildPhase;
			buildActionMask = 2147483647;
			files = (
				EE3EBB0B22A20C890073F3AF /* GoogleMaps.framework in Frameworks */,
				EE3EBB0D22A20C930073F3AF /* GoogleMapsCore.framework in Frameworks */,
			);
			runOnlyForDeploymentPostprocessing = 0;
		};
/* End PBXFrameworksBuildPhase section */

/* Begin PBXGroup section */
		041074C922938F9300BE0F51 /* helpers */ = {
			isa = PBXGroup;
			children = (
				041074CA22938FA500BE0F51 /* UiUtil.swift */,
				049A9EE422B362CC0053AC8A /* ImageBaseCacher.swift */,
			);
			path = helpers;
			sourceTree = "<group>";
		};
		041074CD2293900500BE0F51 /* myProgressHUDBasic */ = {
			isa = PBXGroup;
			children = (
				041074CE2293903600BE0F51 /* myProgressHUDBasic.xib */,
				041074D02293905300BE0F51 /* myProgressHUDBasic.swift */,
			);
			path = myProgressHUDBasic;
			sourceTree = "<group>";
		};
		041074D22293909C00BE0F51 /* extensions */ = {
			isa = PBXGroup;
			children = (
				041074D3229390C900BE0F51 /* UIView+.swift */,
				041074FB2293D33700BE0F51 /* UITextField+.swift */,
				0410754B2294F06500BE0F51 /* UITextView+.swift */,
				049A9E1A22AA5C1F0053AC8A /* Button+.swift */,
				049A9E2922AE35440053AC8A /* UIImageView+.swift */,
			);
			path = extensions;
			sourceTree = "<group>";
		};
		041074D62293997C00BE0F51 /* popUp */ = {
			isa = PBXGroup;
			children = (
				EE3EBACB229A34D00073F3AF /* advancePopup1 */,
				041074DD22939F7D00BE0F51 /* basic2 */,
				041074D72293999600BE0F51 /* basic1 */,
			);
			path = popUp;
			sourceTree = "<group>";
		};
		041074D72293999600BE0F51 /* basic1 */ = {
			isa = PBXGroup;
			children = (
				041074D8229399A700BE0F51 /* PopupBasic1.xib */,
				041074DB22939A3200BE0F51 /* PopupBasic1.swift */,
			);
			path = basic1;
			sourceTree = "<group>";
		};
		041074DD22939F7D00BE0F51 /* basic2 */ = {
			isa = PBXGroup;
			children = (
				041074DE2293A25600BE0F51 /* PopupBasic2.xib */,
				041074E02293A27E00BE0F51 /* PopupBasic2.swift */,
			);
			path = basic2;
			sourceTree = "<group>";
		};
		041074E22293B37700BE0F51 /* TextFields */ = {
			isa = PBXGroup;
			children = (
				049A9E3022AE467F0053AC8A /* twoEventTF1 */,
				04DC39E5229BE27A0004D473 /* RoundedImageTextFields */,
				041074E32293B38400BE0F51 /* AutoTextFields */,
			);
			path = TextFields;
			sourceTree = "<group>";
		};
		041074E32293B38400BE0F51 /* AutoTextFields */ = {
			isa = PBXGroup;
			children = (
				041074F42293CCD100BE0F51 /* AutoTextFields.swift */,
			);
			path = AutoTextFields;
			sourceTree = "<group>";
		};
		041074E42293B4C800BE0F51 /* Toolbar */ = {
			isa = PBXGroup;
			children = (
				EE3EBAC4229939920073F3AF /* Toolbar2 */,
				041074E52293B4D100BE0F51 /* Toolbar1 */,
			);
			path = Toolbar;
			sourceTree = "<group>";
		};
		041074E52293B4D100BE0F51 /* Toolbar1 */ = {
			isa = PBXGroup;
			children = (
				041074E62293B4E700BE0F51 /* Toolbar1.xib */,
				041074E82293B4F400BE0F51 /* Toolbar1.swift */,
			);
			path = Toolbar1;
			sourceTree = "<group>";
		};
		041074EA2293B51800BE0F51 /* SupportFiles */ = {
			isa = PBXGroup;
			children = (
				041074EB2293B52800BE0F51 /* Assets.xcassets */,
			);
			path = SupportFiles;
			sourceTree = "<group>";
		};
		041074ED2293C78D00BE0F51 /* ImageView */ = {
			isa = PBXGroup;
			children = (
				041074EE2293C7B500BE0F51 /* BackgroundImage.swift */,
			);
			path = ImageView;
			sourceTree = "<group>";
		};
		041074F62293D00900BE0F51 /* OTP4Digit */ = {
			isa = PBXGroup;
			children = (
				041074F72293D02000BE0F51 /* OTP4DigitView.xib */,
				041074F92293D10700BE0F51 /* OTP4DigitView.swift */,
			);
			path = OTP4Digit;
			sourceTree = "<group>";
		};
		041074FD2293D5E500BE0F51 /* Contents */ = {
			isa = PBXGroup;
			children = (
				EE3EBA39229419C70073F3AF /* Content3 */,
				041075032293D84D00BE0F51 /* Content2 */,
				041074FE2293D60300BE0F51 /* Content1 */,
			);
			path = Contents;
			sourceTree = "<group>";
		};
		041074FE2293D60300BE0F51 /* Content1 */ = {
			isa = PBXGroup;
			children = (
				041074FF2293D65500BE0F51 /* Content1View.xib */,
				041075012293D6EF00BE0F51 /* Content1View.swift */,
			);
			path = Content1;
			sourceTree = "<group>";
		};
		041075032293D84D00BE0F51 /* Content2 */ = {
			isa = PBXGroup;
			children = (
				041075042293D85E00BE0F51 /* Content2View.xib */,
				041075062293D8EB00BE0F51 /* Content2View.swift */,
			);
			path = Content2;
			sourceTree = "<group>";
		};
		0410754D2294F1A900BE0F51 /* Ads */ = {
			isa = PBXGroup;
			children = (
				049A9E4522AF69FC0053AC8A /* AdsTemplate1 */,
				049A9E4022AF5B920053AC8A /* AdsDescription1 */,
				049A9E3B22AF43280053AC8A /* AdsTitle1 */,
				EE3EBABF2298E6B30073F3AF /* AdsContent2 */,
				0410754E2294F1B000BE0F51 /* AdsContent1 */,
			);
			path = Ads;
			sourceTree = "<group>";
		};
		0410754E2294F1B000BE0F51 /* AdsContent1 */ = {
			isa = PBXGroup;
			children = (
				0410754F2294F1C100BE0F51 /* AdsContent1.xib */,
				041075512294F2F000BE0F51 /* AdsContent1.swift */,
			);
			path = AdsContent1;
			sourceTree = "<group>";
		};
		0472FDF42297B92600C72FDF /* ViewButtonMenu1 */ = {
			isa = PBXGroup;
			children = (
				0472FDF52297B93A00C72FDF /* ViewButtonMenu1.xib */,
				0472FDF72297BB2D00C72FDF /* ViewButtonMenu1.swift */,
			);
			path = ViewButtonMenu1;
			sourceTree = "<group>";
		};
		049A9E1322AA592D0053AC8A /* UploadButton1 */ = {
			isa = PBXGroup;
			children = (
				049A9E1422AA59490053AC8A /* UploadButton1.swift */,
				049A9E1822AA599A0053AC8A /* UploadButton1.xib */,
			);
			path = UploadButton1;
			sourceTree = "<group>";
		};
		049A9E1D22AE0FCE0053AC8A /* ratings */ = {
			isa = PBXGroup;
			children = (
				049A9E1E22AE0FE00053AC8A /* ratingsCustom1 */,
			);
			path = ratings;
			sourceTree = "<group>";
		};
		049A9E1E22AE0FE00053AC8A /* ratingsCustom1 */ = {
			isa = PBXGroup;
			children = (
				049A9E1F22AE0FF10053AC8A /* RatingsCustom1.xib */,
				049A9E2122AE11D50053AC8A /* RatingsCustom1.swift */,
			);
			path = ratingsCustom1;
			sourceTree = "<group>";
		};
		049A9E2322AE2BD90053AC8A /* UserDisplay */ = {
			isa = PBXGroup;
			children = (
				049A9E2422AE2CB10053AC8A /* UserDisplayCustom1 */,
			);
			path = UserDisplay;
			sourceTree = "<group>";
		};
		049A9E2422AE2CB10053AC8A /* UserDisplayCustom1 */ = {
			isa = PBXGroup;
			children = (
				049A9E2522AE2CD60053AC8A /* UserDisplayCustom1.xib */,
				049A9E2722AE31340053AC8A /* UserDisplayCustom1.swift */,
			);
			path = UserDisplayCustom1;
			sourceTree = "<group>";
		};
		049A9E2B22AE41D30053AC8A /* CategoryButton1 */ = {
			isa = PBXGroup;
			children = (
				049A9E2C22AE41E40053AC8A /* CategoryButton1.xib */,
				049A9E2E22AE43FB0053AC8A /* CategoryButton1.swift */,
			);
			path = CategoryButton1;
			sourceTree = "<group>";
		};
		049A9E3022AE467F0053AC8A /* twoEventTF1 */ = {
			isa = PBXGroup;
			children = (
				049A9E3122AE46B40053AC8A /* twoEventTF1.xib */,
				049A9E3322AE49D40053AC8A /* twoEventTF1.swift */,
			);
			path = twoEventTF1;
			sourceTree = "<group>";
		};
		049A9E3522AE55E50053AC8A /* Design */ = {
			isa = PBXGroup;
			children = (
				049A9E3622AE55F10053AC8A /* RoundedButtonDesign1 */,
			);
			path = Design;
			sourceTree = "<group>";
		};
		049A9E3622AE55F10053AC8A /* RoundedButtonDesign1 */ = {
			isa = PBXGroup;
			children = (
				049A9E3722AE56050053AC8A /* RoundedButtonDesign1.xib */,
				049A9E3922AE563A0053AC8A /* RoundedButtonDesign1.swift */,
			);
			path = RoundedButtonDesign1;
			sourceTree = "<group>";
		};
		049A9E3B22AF43280053AC8A /* AdsTitle1 */ = {
			isa = PBXGroup;
			children = (
				049A9E3C22AF43410053AC8A /* AdsTitle1.xib */,
				049A9E3E22AF445C0053AC8A /* AdsTitle1.swift */,
			);
			path = AdsTitle1;
			sourceTree = "<group>";
		};
		049A9E4022AF5B920053AC8A /* AdsDescription1 */ = {
			isa = PBXGroup;
			children = (
				049A9E4122AF5BA20053AC8A /* AdsDescription1.xib */,
				049A9E4322AF5BB60053AC8A /* AdsDescription1.swift */,
			);
			path = AdsDescription1;
			sourceTree = "<group>";
		};
		049A9E4522AF69FC0053AC8A /* AdsTemplate1 */ = {
			isa = PBXGroup;
			children = (
				049A9E4622AF83540053AC8A /* AdsTemplate1.xib */,
				049A9E4822AF83870053AC8A /* AdsTemplate1.swift */,
			);
			path = AdsTemplate1;
			sourceTree = "<group>";
		};
		049A9E4A22AF90CE0053AC8A /* transactionCell1 */ = {
			isa = PBXGroup;
			children = (
				049A9E4B22AF90E20053AC8A /* transactionCell1.xib */,
				049A9E4D22AF93190053AC8A /* transactionCell1TV.swift */,
			);
			path = transactionCell1;
			sourceTree = "<group>";
		};
		049A9E4F22AF94C80053AC8A /* cardCell1 */ = {
			isa = PBXGroup;
			children = (
				049A9E5222AF94F20053AC8A /* cardCell1.xib */,
				049A9E5422AF96330053AC8A /* cardCell1.swift */,
			);
			path = cardCell1;
			sourceTree = "<group>";
		};
		049A9E5722AF96D30053AC8A /* cardCell2 */ = {
			isa = PBXGroup;
			children = (
				049A9E5822AF96DD0053AC8A /* cardCell2.xib */,
				049A9E5F22AF9F670053AC8A /* cardCell1TableViewCell.swift */,
			);
			path = cardCell2;
			sourceTree = "<group>";
		};
		049A9E5A22AF9DA50053AC8A /* buttonCell1 */ = {
			isa = PBXGroup;
			children = (
				049A9E5B22AF9DC80053AC8A /* buttonCell1.xib */,
				049A9E5D22AF9E490053AC8A /* buttonCell1TableViewCell.swift */,
			);
			path = buttonCell1;
			sourceTree = "<group>";
		};
		049A9E6122AFA2960053AC8A /* PointsCell1 */ = {
			isa = PBXGroup;
			children = (
				049A9E6222AFA2AF0053AC8A /* PointsCell1.xib */,
				049A9E6422AFA3DE0053AC8A /* PointsCell1.swift */,
			);
			path = PointsCell1;
			sourceTree = "<group>";
		};
		049A9E6722AFB0C40053AC8A /* CollectionCell */ = {
			isa = PBXGroup;
			children = (
				049A9E6822AFB0CC0053AC8A /* PromotionCCell1 */,
				049A9EE122B345210053AC8A /* MyCollectionCell.swift */,
			);
			path = CollectionCell;
			sourceTree = "<group>";
		};
		049A9E6822AFB0CC0053AC8A /* PromotionCCell1 */ = {
			isa = PBXGroup;
			children = (
				049A9E6922AFB0E30053AC8A /* promotionCCell1.xib */,
				049A9E6B22AFB2190053AC8A /* PromotionCCell1.swift */,
			);
			path = PromotionCCell1;
			sourceTree = "<group>";
		};
		049A9E6D22AFB4070053AC8A /* basicCell3 */ = {
			isa = PBXGroup;
			children = (
				049A9E6E22AFB4180053AC8A /* basicCell3.xib */,
				049A9E7022AFB4E80053AC8A /* basicCell3.swift */,
			);
			path = basicCell3;
			sourceTree = "<group>";
		};
		049A9F0122B874080053AC8A /* Container */ = {
			isa = PBXGroup;
			children = (
				049A9F0322B874360053AC8A /* ContainerDesign1.xib */,
				049A9F0722B874910053AC8A /* containerDesign1View.swift */,
			);
			path = Container;
			sourceTree = "<group>";
		};
		049A9F7F22B8B3BD0053AC8A /* basicCell4 */ = {
			isa = PBXGroup;
			children = (
				049A9F8022B8B3D00053AC8A /* basicCell4.xib */,
				049A9F8222B8B3E90053AC8A /* basicCell4TableViewCell.swift */,
			);
			path = basicCell4;
			sourceTree = "<group>";
		};
		04DC39E5229BE27A0004D473 /* RoundedImageTextFields */ = {
			isa = PBXGroup;
			children = (
				04DC39E6229BE29F0004D473 /* RoundedImageTextFields.xib */,
				04DC39E8229BE3290004D473 /* RoundedImageTextFields.swift */,
			);
			path = RoundedImageTextFields;
			sourceTree = "<group>";
		};
		64E2F4A0D51B0D35D1948A46 /* Pods */ = {
			isa = PBXGroup;
			children = (
				7E02487FE4EF986314D51171 /* Pods-UIComponentsFramework.debug.xcconfig */,
				E88ECB40F68A8461B7C3DFB0 /* Pods-UIComponentsFramework.release.xcconfig */,
			);
			path = Pods;
			sourceTree = "<group>";
		};
		AAD409EDFC4A39C6654EEB1C /* Frameworks */ = {
			isa = PBXGroup;
			children = (
				3676F35252DAB90CCEBBC8D1 /* Pods_UIComponentsFramework.framework */,
			);
			name = Frameworks;
			sourceTree = "<group>";
		};
		EE3EBA39229419C70073F3AF /* Content3 */ = {
			isa = PBXGroup;
			children = (
				EE3EBA3A229419E50073F3AF /* Content3View.xib */,
				EE3EBA3C22941A500073F3AF /* Content3View.swift */,
			);
			path = Content3;
			sourceTree = "<group>";
		};
		EE3EBAB922983B230073F3AF /* CardDisplay */ = {
			isa = PBXGroup;
			children = (
				EE3EBABA22983B330073F3AF /* card1view */,
			);
			path = CardDisplay;
			sourceTree = "<group>";
		};
		EE3EBABA22983B330073F3AF /* card1view */ = {
			isa = PBXGroup;
			children = (
				EE3EBABB22983B490073F3AF /* card1View.xib */,
				EE3EBABD229843050073F3AF /* card1View.swift */,
			);
			path = card1view;
			sourceTree = "<group>";
		};
		EE3EBABF2298E6B30073F3AF /* AdsContent2 */ = {
			isa = PBXGroup;
			children = (
				EE3EBAC02298E6D60073F3AF /* AdsContent2View.xib */,
				EE3EBAC22298E6E60073F3AF /* AdsContent2View.swift */,
			);
			path = AdsContent2;
			sourceTree = "<group>";
		};
		EE3EBAC4229939920073F3AF /* Toolbar2 */ = {
			isa = PBXGroup;
			children = (
				EE3EBAC5229939CB0073F3AF /* ToolBar2View.xib */,
				EE3EBAC7229A1DB00073F3AF /* Toolbar2View.swift */,
			);
			path = Toolbar2;
			sourceTree = "<group>";
		};
		EE3EBACB229A34D00073F3AF /* advancePopup1 */ = {
			isa = PBXGroup;
			children = (
				EE3EBACC229A34E90073F3AF /* AdvancePopup1.xib */,
				EE3EBACE229A34FC0073F3AF /* AdvancePopup1.swift */,
				EE3EBAD0229A86670073F3AF /* AdvancePopupViewModel.swift */,
			);
			path = advancePopup1;
			sourceTree = "<group>";
		};
		EE3EBAD2229A8A410073F3AF /* TableViewCell */ = {
			isa = PBXGroup;
			children = (
				049A9F7F22B8B3BD0053AC8A /* basicCell4 */,
				049A9E6D22AFB4070053AC8A /* basicCell3 */,
				049A9E6122AFA2960053AC8A /* PointsCell1 */,
				049A9E5A22AF9DA50053AC8A /* buttonCell1 */,
				049A9E5722AF96D30053AC8A /* cardCell2 */,
				049A9E4F22AF94C80053AC8A /* cardCell1 */,
				049A9E4A22AF90CE0053AC8A /* transactionCell1 */,
				EE3EBAD8229A8DA90073F3AF /* basicCell2 */,
				EE3EBAD3229A8A4D0073F3AF /* basicCell1 */,
			);
			path = TableViewCell;
			sourceTree = "<group>";
		};
		EE3EBAD3229A8A4D0073F3AF /* basicCell1 */ = {
			isa = PBXGroup;
			children = (
				EE3EBAD4229A8BEF0073F3AF /* basicCell1.xib */,
				EE3EBAD6229A8C860073F3AF /* basic1TableViewCell.swift */,
			);
			path = basicCell1;
			sourceTree = "<group>";
		};
		EE3EBAD8229A8DA90073F3AF /* basicCell2 */ = {
			isa = PBXGroup;
			children = (
				EE3EBAD9229A8DBD0073F3AF /* basicCell2.xib */,
				EE3EBADB229A8E500073F3AF /* basic2TableViewCell.swift */,
			);
			path = basicCell2;
			sourceTree = "<group>";
		};
		EE3EBADD22A0046A0073F3AF /* GoogleMaps */ = {
			isa = PBXGroup;
			children = (
				EE3EBADE22A004750073F3AF /* Gmaps1 */,
			);
			path = GoogleMaps;
			sourceTree = "<group>";
		};
		EE3EBADE22A004750073F3AF /* Gmaps1 */ = {
			isa = PBXGroup;
			children = (
				EE3EBADF22A004A70073F3AF /* Gmaps1View.xib */,
				EE3EBAE122A004E20073F3AF /* GMaps1View.swift */,
			);
			path = Gmaps1;
			sourceTree = "<group>";
		};
		EEB7A1F12290E30600A0C3F2 = {
			isa = PBXGroup;
			children = (
				041074F22293CBFC00BE0F51 /* readme.md */,
				EEB7A1FD2290E30600A0C3F2 /* UIComponentsFramework */,
				EEB7A1FC2290E30600A0C3F2 /* Products */,
				64E2F4A0D51B0D35D1948A46 /* Pods */,
				AAD409EDFC4A39C6654EEB1C /* Frameworks */,
				EE3EBA7A2296D54B0073F3AF /* UIComponentsFramework copy-Info.plist */,
			);
			sourceTree = "<group>";
		};
		EEB7A1FC2290E30600A0C3F2 /* Products */ = {
			isa = PBXGroup;
			children = (
				EEB7A1FB2290E30600A0C3F2 /* UIComponentsFramework.framework */,
			);
			name = Products;
			sourceTree = "<group>";
		};
		EEB7A1FD2290E30600A0C3F2 /* UIComponentsFramework */ = {
			isa = PBXGroup;
			children = (
				049A9E6722AFB0C40053AC8A /* CollectionCell */,
				049A9E1D22AE0FCE0053AC8A /* ratings */,
				041074D22293909C00BE0F51 /* extensions */,
				EEF07DC422ACA2DC00D9EBB6 /* Buttons */,
				EEF07DBC22ABF77900D9EBB6 /* ImageDisplay */,
				EE3EBAD2229A8A410073F3AF /* TableViewCell */,
				041074ED2293C78D00BE0F51 /* ImageView */,
				041074EA2293B51800BE0F51 /* SupportFiles */,
				041074E22293B37700BE0F51 /* TextFields */,
				041074C922938F9300BE0F51 /* helpers */,
				EEB7A20C229116D100A0C3F2 /* sdks */,
				EEB7A2062290E31C00A0C3F2 /* Views */,
				EEB7A1FE2290E30600A0C3F2 /* UIComponentsFramework.h */,
				EEB7A1FF2290E30600A0C3F2 /* Info.plist */,
			);
			path = UIComponentsFramework;
			sourceTree = "<group>";
		};
		EEB7A2062290E31C00A0C3F2 /* Views */ = {
			isa = PBXGroup;
			children = (
				049A9F0122B874080053AC8A /* Container */,
				049A9E3522AE55E50053AC8A /* Design */,
				049A9E2322AE2BD90053AC8A /* UserDisplay */,
				EE3EBADD22A0046A0073F3AF /* GoogleMaps */,
				EE3EBAB922983B230073F3AF /* CardDisplay */,
				0410754D2294F1A900BE0F51 /* Ads */,
				041074FD2293D5E500BE0F51 /* Contents */,
				041074F62293D00900BE0F51 /* OTP4Digit */,
				041074E42293B4C800BE0F51 /* Toolbar */,
				041074D62293997C00BE0F51 /* popUp */,
				041074CD2293900500BE0F51 /* myProgressHUDBasic */,
				EEB7A2072290E32C00A0C3F2 /* view1 */,
				041074F02293CA2000BE0F51 /* BackgroundView.swift */,
			);
			path = Views;
			sourceTree = "<group>";
		};
		EEB7A2072290E32C00A0C3F2 /* view1 */ = {
			isa = PBXGroup;
			children = (
				EEB7A2082290E35800A0C3F2 /* view1component.swift */,
				EEB7A20A2290E36600A0C3F2 /* view1.xib */,
			);
			path = view1;
			sourceTree = "<group>";
		};
		EEB7A20C229116D100A0C3F2 /* sdks */ = {
			isa = PBXGroup;
			children = (
				EE3EBB0C22A20C920073F3AF /* GoogleMapsCore.framework */,
				EE3EBB0A22A20C890073F3AF /* GoogleMaps.framework */,
			);
			path = sdks;
			sourceTree = "<group>";
		};
		EEF07DBC22ABF77900D9EBB6 /* ImageDisplay */ = {
			isa = PBXGroup;
			children = (
				EEF07DBD22ABF78900D9EBB6 /* 3ImageDisplay */,
			);
			path = ImageDisplay;
			sourceTree = "<group>";
		};
		EEF07DBD22ABF78900D9EBB6 /* 3ImageDisplay */ = {
			isa = PBXGroup;
			children = (
				EEF07DBE22ABF79C00D9EBB6 /* 3ImageDisplay.xib */,
				EEF07DC222ABF85200D9EBB6 /* t3ImageDisplay.swift */,
			);
			path = 3ImageDisplay;
			sourceTree = "<group>";
		};
		EEF07DC422ACA2DC00D9EBB6 /* Buttons */ = {
			isa = PBXGroup;
			children = (
				049A9E2B22AE41D30053AC8A /* CategoryButton1 */,
				EEF07DCC22ACD8AD00D9EBB6 /* CreditDisplayButton1 */,
				0472FDF42297B92600C72FDF /* ViewButtonMenu1 */,
				EEF07DC522ACA31100D9EBB6 /* MenuButtons1 */,
				049A9E1322AA592D0053AC8A /* UploadButton1 */,
			);
			path = Buttons;
			sourceTree = "<group>";
		};
		EEF07DC522ACA31100D9EBB6 /* MenuButtons1 */ = {
			isa = PBXGroup;
			children = (
				EEF07DC822ACB2A900D9EBB6 /* MenuButtons1.xib */,
				EEF07DCA22ACB40C00D9EBB6 /* MenuButton1.swift */,
			);
			path = MenuButtons1;
			sourceTree = "<group>";
		};
		EEF07DCC22ACD8AD00D9EBB6 /* CreditDisplayButton1 */ = {
			isa = PBXGroup;
			children = (
				EEF07DCD22ACD8D700D9EBB6 /* CreditsDisplayButton1.xib */,
				EEF07DCF22ACD93500D9EBB6 /* CreditDisplayButton1.swift */,
			);
			path = CreditDisplayButton1;
			sourceTree = "<group>";
		};
/* End PBXGroup section */

/* Begin PBXHeadersBuildPhase section */
		EEB7A1F62290E30600A0C3F2 /* Headers */ = {
			isa = PBXHeadersBuildPhase;
			buildActionMask = 2147483647;
			files = (
				EEB7A2002290E30600A0C3F2 /* UIComponentsFramework.h in Headers */,
			);
			runOnlyForDeploymentPostprocessing = 0;
		};
/* End PBXHeadersBuildPhase section */

/* Begin PBXNativeTarget section */
		EEB7A1FA2290E30600A0C3F2 /* UIComponentsFramework */ = {
			isa = PBXNativeTarget;
			buildConfigurationList = EEB7A2032290E30600A0C3F2 /* Build configuration list for PBXNativeTarget "UIComponentsFramework" */;
			buildPhases = (
				3E4270E41EE1BDD3CD2687D7 /* [CP] Check Pods Manifest.lock */,
				EEB7A1F62290E30600A0C3F2 /* Headers */,
				EEB7A1F72290E30600A0C3F2 /* Sources */,
				EEB7A1F82290E30600A0C3F2 /* Frameworks */,
				EEB7A1F92290E30600A0C3F2 /* Resources */,
				7F7F828DD5FF68049518E338 /* [CP] Copy Pods Resources */,
			);
			buildRules = (
			);
			dependencies = (
			);
			name = UIComponentsFramework;
			productName = UIComponentsFramework;
			productReference = EEB7A1FB2290E30600A0C3F2 /* UIComponentsFramework.framework */;
			productType = "com.apple.product-type.framework";
		};
/* End PBXNativeTarget section */

/* Begin PBXProject section */
		EEB7A1F22290E30600A0C3F2 /* Project object */ = {
			isa = PBXProject;
			attributes = {
				LastUpgradeCheck = 1010;
				ORGANIZATIONNAME = "Lainel John Dela Cruz";
				TargetAttributes = {
					EEB7A1FA2290E30600A0C3F2 = {
						CreatedOnToolsVersion = 10.1;
						LastSwiftMigration = 1010;
					};
				};
			};
			buildConfigurationList = EEB7A1F52290E30600A0C3F2 /* Build configuration list for PBXProject "UIComponentsFramework" */;
			compatibilityVersion = "Xcode 9.3";
			developmentRegion = en;
			hasScannedForEncodings = 0;
			knownRegions = (
				en,
			);
			mainGroup = EEB7A1F12290E30600A0C3F2;
			productRefGroup = EEB7A1FC2290E30600A0C3F2 /* Products */;
			projectDirPath = "";
			projectRoot = "";
			targets = (
				EEB7A1FA2290E30600A0C3F2 /* UIComponentsFramework */,
			);
		};
/* End PBXProject section */

/* Begin PBXResourcesBuildPhase section */
		EEB7A1F92290E30600A0C3F2 /* Resources */ = {
			isa = PBXResourcesBuildPhase;
			buildActionMask = 2147483647;
			files = (
				041074DF2293A25600BE0F51 /* PopupBasic2.xib in Resources */,
				EE3EBAC6229939CB0073F3AF /* ToolBar2View.xib in Resources */,
				0472FDF62297B93A00C72FDF /* ViewButtonMenu1.xib in Resources */,
				04DC39E7229BE29F0004D473 /* RoundedImageTextFields.xib in Resources */,
				049A9F0422B874360053AC8A /* ContainerDesign1.xib in Resources */,
				049A9E6F22AFB4180053AC8A /* basicCell3.xib in Resources */,
				049A9E5322AF94F20053AC8A /* cardCell1.xib in Resources */,
				049A9E2622AE2CD60053AC8A /* UserDisplayCustom1.xib in Resources */,
				EE3EBACD229A34E90073F3AF /* AdvancePopup1.xib in Resources */,
				EE3EBA3B229419E50073F3AF /* Content3View.xib in Resources */,
				049A9E2D22AE41E40053AC8A /* CategoryButton1.xib in Resources */,
				041075052293D85E00BE0F51 /* Content2View.xib in Resources */,
				EEB7A20B2290E36600A0C3F2 /* view1.xib in Resources */,
				041075502294F1C100BE0F51 /* AdsContent1.xib in Resources */,
				049A9E6A22AFB0E30053AC8A /* promotionCCell1.xib in Resources */,
				EE3EBAD5229A8BEF0073F3AF /* basicCell1.xib in Resources */,
				EE3EBAC12298E6D60073F3AF /* AdsContent2View.xib in Resources */,
				049A9F8122B8B3D00053AC8A /* basicCell4.xib in Resources */,
				049A9E4722AF83540053AC8A /* AdsTemplate1.xib in Resources */,
				041074F82293D02000BE0F51 /* OTP4DigitView.xib in Resources */,
				EEF07DCE22ACD8D700D9EBB6 /* CreditsDisplayButton1.xib in Resources */,
				049A9E1922AA599A0053AC8A /* UploadButton1.xib in Resources */,
				041074E72293B4E700BE0F51 /* Toolbar1.xib in Resources */,
				049A9E4C22AF90E20053AC8A /* transactionCell1.xib in Resources */,
				049A9E4222AF5BA20053AC8A /* AdsDescription1.xib in Resources */,
				041074CF2293903600BE0F51 /* myProgressHUDBasic.xib in Resources */,
				041074F32293CBFC00BE0F51 /* readme.md in Resources */,
				041075002293D65500BE0F51 /* Content1View.xib in Resources */,
				EE3EBAE022A004A70073F3AF /* Gmaps1View.xib in Resources */,
				049A9E3D22AF43410053AC8A /* AdsTitle1.xib in Resources */,
				EE3EBADA229A8DBD0073F3AF /* basicCell2.xib in Resources */,
				041074EC2293B52800BE0F51 /* Assets.xcassets in Resources */,
				049A9E2022AE0FF10053AC8A /* RatingsCustom1.xib in Resources */,
				EE3EBABC22983B490073F3AF /* card1View.xib in Resources */,
				EEF07DBF22ABF79C00D9EBB6 /* 3ImageDisplay.xib in Resources */,
				EEF07DC922ACB2A900D9EBB6 /* MenuButtons1.xib in Resources */,
				041074D9229399A700BE0F51 /* PopupBasic1.xib in Resources */,
				049A9E3222AE46B40053AC8A /* twoEventTF1.xib in Resources */,
				049A9E5922AF96DD0053AC8A /* cardCell2.xib in Resources */,
				049A9E5C22AF9DC80053AC8A /* buttonCell1.xib in Resources */,
				049A9E6322AFA2AF0053AC8A /* PointsCell1.xib in Resources */,
				049A9E3822AE56050053AC8A /* RoundedButtonDesign1.xib in Resources */,
			);
			runOnlyForDeploymentPostprocessing = 0;
		};
/* End PBXResourcesBuildPhase section */

/* Begin PBXShellScriptBuildPhase section */
		3E4270E41EE1BDD3CD2687D7 /* [CP] Check Pods Manifest.lock */ = {
			isa = PBXShellScriptBuildPhase;
			buildActionMask = 2147483647;
			files = (
			);
			inputFileListPaths = (
			);
			inputPaths = (
				"${PODS_PODFILE_DIR_PATH}/Podfile.lock",
				"${PODS_ROOT}/Manifest.lock",
			);
			name = "[CP] Check Pods Manifest.lock";
			outputFileListPaths = (
			);
			outputPaths = (
				"$(DERIVED_FILE_DIR)/Pods-UIComponentsFramework-checkManifestLockResult.txt",
			);
			runOnlyForDeploymentPostprocessing = 0;
			shellPath = /bin/sh;
			shellScript = "diff \"${PODS_PODFILE_DIR_PATH}/Podfile.lock\" \"${PODS_ROOT}/Manifest.lock\" > /dev/null\nif [ $? != 0 ] ; then\n    # print error to STDERR\n    echo \"error: The sandbox is not in sync with the Podfile.lock. Run 'pod install' or update your CocoaPods installation.\" >&2\n    exit 1\nfi\n# This output is used by Xcode 'outputs' to avoid re-running this script phase.\necho \"SUCCESS\" > \"${SCRIPT_OUTPUT_FILE_0}\"\n";
			showEnvVarsInLog = 0;
		};
		7F7F828DD5FF68049518E338 /* [CP] Copy Pods Resources */ = {
			isa = PBXShellScriptBuildPhase;
			buildActionMask = 2147483647;
			files = (
			);
			inputFileListPaths = (
			);
			inputPaths = (
				"${PODS_ROOT}/Target Support Files/Pods-UIComponentsFramework/Pods-UIComponentsFramework-resources.sh",
				"${PODS_ROOT}/GoogleMaps/Maps/Frameworks/GoogleMaps.framework/Resources/GoogleMaps.bundle",
			);
			name = "[CP] Copy Pods Resources";
			outputFileListPaths = (
			);
			outputPaths = (
				"${TARGET_BUILD_DIR}/${UNLOCALIZED_RESOURCES_FOLDER_PATH}/GoogleMaps.bundle",
			);
			runOnlyForDeploymentPostprocessing = 0;
			shellPath = /bin/sh;
			shellScript = "\"${PODS_ROOT}/Target Support Files/Pods-UIComponentsFramework/Pods-UIComponentsFramework-resources.sh\"\n";
			showEnvVarsInLog = 0;
		};
/* End PBXShellScriptBuildPhase section */

/* Begin PBXSourcesBuildPhase section */
		EEB7A1F72290E30600A0C3F2 /* Sources */ = {
			isa = PBXSourcesBuildPhase;
			buildActionMask = 2147483647;
			files = (
				049A9E7122AFB4E80053AC8A /* basicCell3.swift in Sources */,
				049A9F8322B8B3E90053AC8A /* basicCell4TableViewCell.swift in Sources */,
				049A9E1522AA59490053AC8A /* UploadButton1.swift in Sources */,
				041074F52293CCD100BE0F51 /* AutoTextFields.swift in Sources */,
				041075522294F2F000BE0F51 /* AdsContent1.swift in Sources */,
				041074F12293CA2000BE0F51 /* BackgroundView.swift in Sources */,
				041074E12293A27E00BE0F51 /* PopupBasic2.swift in Sources */,
				EE3EBAC32298E6E60073F3AF /* AdsContent2View.swift in Sources */,
				041074FC2293D33700BE0F51 /* UITextField+.swift in Sources */,
				049A9E2F22AE43FB0053AC8A /* CategoryButton1.swift in Sources */,
				049A9E6522AFA3DE0053AC8A /* PointsCell1.swift in Sources */,
				049A9E2222AE11D50053AC8A /* RatingsCustom1.swift in Sources */,
				049A9E2822AE31340053AC8A /* UserDisplayCustom1.swift in Sources */,
				EE3EBAC8229A1DB00073F3AF /* Toolbar2View.swift in Sources */,
				04DC39E9229BE3290004D473 /* RoundedImageTextFields.swift in Sources */,
				041074FA2293D10700BE0F51 /* OTP4DigitView.swift in Sources */,
				0410754C2294F06500BE0F51 /* UITextView+.swift in Sources */,
				EE3EBAE222A004E20073F3AF /* GMaps1View.swift in Sources */,
				049A9E4922AF83870053AC8A /* AdsTemplate1.swift in Sources */,
				EE3EBACF229A34FC0073F3AF /* AdvancePopup1.swift in Sources */,
				EE3EBAD7229A8C860073F3AF /* basic1TableViewCell.swift in Sources */,
				041075072293D8EB00BE0F51 /* Content2View.swift in Sources */,
				041074D4229390C900BE0F51 /* UIView+.swift in Sources */,
				041074D12293905300BE0F51 /* myProgressHUDBasic.swift in Sources */,
				049A9E5E22AF9E490053AC8A /* buttonCell1TableViewCell.swift in Sources */,
				041075022293D6EF00BE0F51 /* Content1View.swift in Sources */,
				041074EF2293C7B500BE0F51 /* BackgroundImage.swift in Sources */,
				EEF07DD022ACD93500D9EBB6 /* CreditDisplayButton1.swift in Sources */,
				049A9E6C22AFB2190053AC8A /* PromotionCCell1.swift in Sources */,
				049A9E6022AF9F670053AC8A /* cardCell1TableViewCell.swift in Sources */,
				049A9E2A22AE35440053AC8A /* UIImageView+.swift in Sources */,
				EEB7A2092290E35800A0C3F2 /* view1component.swift in Sources */,
				049A9E3422AE49D40053AC8A /* twoEventTF1.swift in Sources */,
				0472FDF82297BB2D00C72FDF /* ViewButtonMenu1.swift in Sources */,
				EEF07DCB22ACB40C00D9EBB6 /* MenuButton1.swift in Sources */,
				049A9E5522AF96330053AC8A /* cardCell1.swift in Sources */,
				EE3EBABE229843050073F3AF /* card1View.swift in Sources */,
				049A9E4422AF5BB60053AC8A /* AdsDescription1.swift in Sources */,
				EE3EBADC229A8E500073F3AF /* basic2TableViewCell.swift in Sources */,
				049A9E4E22AF93190053AC8A /* transactionCell1TV.swift in Sources */,
				049A9EE222B345210053AC8A /* MyCollectionCell.swift in Sources */,
				041074CB22938FA500BE0F51 /* UiUtil.swift in Sources */,
				EE3EBAD1229A86670073F3AF /* AdvancePopupViewModel.swift in Sources */,
				049A9EE522B362CC0053AC8A /* ImageBaseCacher.swift in Sources */,
				041074DC22939A3200BE0F51 /* PopupBasic1.swift in Sources */,
				EE3EBA3D22941A500073F3AF /* Content3View.swift in Sources */,
				EEF07DC322ABF85200D9EBB6 /* t3ImageDisplay.swift in Sources */,
				049A9E3A22AE563A0053AC8A /* RoundedButtonDesign1.swift in Sources */,
				049A9F0822B874910053AC8A /* containerDesign1View.swift in Sources */,
				041074E92293B4F400BE0F51 /* Toolbar1.swift in Sources */,
				049A9E3F22AF445C0053AC8A /* AdsTitle1.swift in Sources */,
				049A9E1B22AA5C1F0053AC8A /* Button+.swift in Sources */,
			);
			runOnlyForDeploymentPostprocessing = 0;
		};
/* End PBXSourcesBuildPhase section */

/* Begin XCBuildConfiguration section */
		EEB7A2012290E30600A0C3F2 /* Debug */ = {
			isa = XCBuildConfiguration;
			buildSettings = {
				ALWAYS_SEARCH_USER_PATHS = NO;
				BITCODE_GENERATION_MODE = marker;
				CLANG_ANALYZER_NONNULL = YES;
				CLANG_ANALYZER_NUMBER_OBJECT_CONVERSION = YES_AGGRESSIVE;
				CLANG_CXX_LANGUAGE_STANDARD = "gnu++14";
				CLANG_CXX_LIBRARY = "libc++";
				CLANG_ENABLE_MODULES = YES;
				CLANG_ENABLE_OBJC_ARC = YES;
				CLANG_ENABLE_OBJC_WEAK = YES;
				CLANG_WARN_BLOCK_CAPTURE_AUTORELEASING = YES;
				CLANG_WARN_BOOL_CONVERSION = YES;
				CLANG_WARN_COMMA = YES;
				CLANG_WARN_CONSTANT_CONVERSION = YES;
				CLANG_WARN_DEPRECATED_OBJC_IMPLEMENTATIONS = YES;
				CLANG_WARN_DIRECT_OBJC_ISA_USAGE = YES_ERROR;
				CLANG_WARN_DOCUMENTATION_COMMENTS = YES;
				CLANG_WARN_EMPTY_BODY = YES;
				CLANG_WARN_ENUM_CONVERSION = YES;
				CLANG_WARN_INFINITE_RECURSION = YES;
				CLANG_WARN_INT_CONVERSION = YES;
				CLANG_WARN_NON_LITERAL_NULL_CONVERSION = YES;
				CLANG_WARN_OBJC_IMPLICIT_RETAIN_SELF = YES;
				CLANG_WARN_OBJC_LITERAL_CONVERSION = YES;
				CLANG_WARN_OBJC_ROOT_CLASS = YES_ERROR;
				CLANG_WARN_RANGE_LOOP_ANALYSIS = YES;
				CLANG_WARN_STRICT_PROTOTYPES = YES;
				CLANG_WARN_SUSPICIOUS_MOVE = YES;
				CLANG_WARN_UNGUARDED_AVAILABILITY = YES_AGGRESSIVE;
				CLANG_WARN_UNREACHABLE_CODE = YES;
				CLANG_WARN__DUPLICATE_METHOD_MATCH = YES;
				CODE_SIGN_IDENTITY = "iPhone Developer";
				COPY_PHASE_STRIP = NO;
				CURRENT_PROJECT_VERSION = 1;
				DEBUG_INFORMATION_FORMAT = dwarf;
				ENABLE_STRICT_OBJC_MSGSEND = YES;
				ENABLE_TESTABILITY = YES;
				GCC_C_LANGUAGE_STANDARD = gnu11;
				GCC_DYNAMIC_NO_PIC = NO;
				GCC_NO_COMMON_BLOCKS = YES;
				GCC_OPTIMIZATION_LEVEL = 0;
				GCC_PREPROCESSOR_DEFINITIONS = (
					"DEBUG=1",
					"$(inherited)",
				);
				GCC_WARN_64_TO_32_BIT_CONVERSION = YES;
				GCC_WARN_ABOUT_RETURN_TYPE = YES_ERROR;
				GCC_WARN_UNDECLARED_SELECTOR = YES;
				GCC_WARN_UNINITIALIZED_AUTOS = YES_AGGRESSIVE;
				GCC_WARN_UNUSED_FUNCTION = YES;
				GCC_WARN_UNUSED_VARIABLE = YES;
				IPHONEOS_DEPLOYMENT_TARGET = 12.1;
				MTL_ENABLE_DEBUG_INFO = INCLUDE_SOURCE;
				MTL_FAST_MATH = YES;
				ONLY_ACTIVE_ARCH = YES;
				OTHER_CFLAGS = "-fembed-bitcode-marker";
				SDKROOT = iphoneos;
				SWIFT_ACTIVE_COMPILATION_CONDITIONS = DEBUG;
				SWIFT_OPTIMIZATION_LEVEL = "-Onone";
				VERSIONING_SYSTEM = "apple-generic";
				VERSION_INFO_PREFIX = "";
			};
			name = Debug;
		};
		EEB7A2022290E30600A0C3F2 /* Release */ = {
			isa = XCBuildConfiguration;
			buildSettings = {
				ALWAYS_SEARCH_USER_PATHS = NO;
				BITCODE_GENERATION_MODE = bitcode;
				CLANG_ANALYZER_NONNULL = YES;
				CLANG_ANALYZER_NUMBER_OBJECT_CONVERSION = YES_AGGRESSIVE;
				CLANG_CXX_LANGUAGE_STANDARD = "gnu++14";
				CLANG_CXX_LIBRARY = "libc++";
				CLANG_ENABLE_MODULES = YES;
				CLANG_ENABLE_OBJC_ARC = YES;
				CLANG_ENABLE_OBJC_WEAK = YES;
				CLANG_WARN_BLOCK_CAPTURE_AUTORELEASING = YES;
				CLANG_WARN_BOOL_CONVERSION = YES;
				CLANG_WARN_COMMA = YES;
				CLANG_WARN_CONSTANT_CONVERSION = YES;
				CLANG_WARN_DEPRECATED_OBJC_IMPLEMENTATIONS = YES;
				CLANG_WARN_DIRECT_OBJC_ISA_USAGE = YES_ERROR;
				CLANG_WARN_DOCUMENTATION_COMMENTS = YES;
				CLANG_WARN_EMPTY_BODY = YES;
				CLANG_WARN_ENUM_CONVERSION = YES;
				CLANG_WARN_INFINITE_RECURSION = YES;
				CLANG_WARN_INT_CONVERSION = YES;
				CLANG_WARN_NON_LITERAL_NULL_CONVERSION = YES;
				CLANG_WARN_OBJC_IMPLICIT_RETAIN_SELF = YES;
				CLANG_WARN_OBJC_LITERAL_CONVERSION = YES;
				CLANG_WARN_OBJC_ROOT_CLASS = YES_ERROR;
				CLANG_WARN_RANGE_LOOP_ANALYSIS = YES;
				CLANG_WARN_STRICT_PROTOTYPES = YES;
				CLANG_WARN_SUSPICIOUS_MOVE = YES;
				CLANG_WARN_UNGUARDED_AVAILABILITY = YES_AGGRESSIVE;
				CLANG_WARN_UNREACHABLE_CODE = YES;
				CLANG_WARN__DUPLICATE_METHOD_MATCH = YES;
				CODE_SIGN_IDENTITY = "iPhone Developer";
				COPY_PHASE_STRIP = NO;
				CURRENT_PROJECT_VERSION = 1;
				DEBUG_INFORMATION_FORMAT = "dwarf-with-dsym";
				ENABLE_NS_ASSERTIONS = NO;
				ENABLE_STRICT_OBJC_MSGSEND = YES;
				GCC_C_LANGUAGE_STANDARD = gnu11;
				GCC_NO_COMMON_BLOCKS = YES;
				GCC_OPTIMIZATION_LEVEL = 0;
				GCC_WARN_64_TO_32_BIT_CONVERSION = YES;
				GCC_WARN_ABOUT_RETURN_TYPE = YES_ERROR;
				GCC_WARN_UNDECLARED_SELECTOR = YES;
				GCC_WARN_UNINITIALIZED_AUTOS = YES_AGGRESSIVE;
				GCC_WARN_UNUSED_FUNCTION = YES;
				GCC_WARN_UNUSED_VARIABLE = YES;
				IPHONEOS_DEPLOYMENT_TARGET = 12.1;
				MTL_ENABLE_DEBUG_INFO = NO;
				MTL_FAST_MATH = YES;
				OTHER_CFLAGS = "-fembed-bitcode";
				SDKROOT = iphoneos;
				SWIFT_COMPILATION_MODE = wholemodule;
				SWIFT_OPTIMIZATION_LEVEL = "-Onone";
				VALIDATE_PRODUCT = YES;
				VERSIONING_SYSTEM = "apple-generic";
				VERSION_INFO_PREFIX = "";
			};
			name = Release;
		};
		EEB7A2042290E30600A0C3F2 /* Debug */ = {
			isa = XCBuildConfiguration;
			baseConfigurationReference = 7E02487FE4EF986314D51171 /* Pods-UIComponentsFramework.debug.xcconfig */;
			buildSettings = {
				CLANG_ENABLE_MODULES = YES;
				CODE_SIGN_IDENTITY = "";
				CODE_SIGN_STYLE = Automatic;
				DEFINES_MODULE = YES;
				DEVELOPMENT_TEAM = FTF953N9JJ;
				DYLIB_COMPATIBILITY_VERSION = 1;
				DYLIB_CURRENT_VERSION = 1;
				DYLIB_INSTALL_NAME_BASE = "@rpath";
				FRAMEWORK_SEARCH_PATHS = (
					"$(inherited)",
					"$(PROJECT_DIR)/UIComponentsFramework/sdks",
					"$(PROJECT_DIR)/UIComponentsFramework/sdks/GoogleMaps/Maps/Frameworks",
				);
				GCC_OPTIMIZATION_LEVEL = s;
				INFOPLIST_FILE = UIComponentsFramework/Info.plist;
				INSTALL_PATH = "$(LOCAL_LIBRARY_DIR)/Frameworks";
				IPHONEOS_DEPLOYMENT_TARGET = 10.0;
				LD_RUNPATH_SEARCH_PATHS = (
					"$(inherited)",
					"@executable_path/Frameworks",
					"@loader_path/Frameworks",
				);
				PRODUCT_BUNDLE_IDENTIFIER = com.ljbdelacruz.UIComponentsFramework;
				PRODUCT_NAME = "$(TARGET_NAME:c99extidentifier)";
				SKIP_INSTALL = YES;
				SWIFT_OPTIMIZATION_LEVEL = "-Osize";
				SWIFT_VERSION = 4.2;
				TARGETED_DEVICE_FAMILY = "1,2";
			};
			name = Debug;
		};
		EEB7A2052290E30600A0C3F2 /* Release */ = {
			isa = XCBuildConfiguration;
			baseConfigurationReference = E88ECB40F68A8461B7C3DFB0 /* Pods-UIComponentsFramework.release.xcconfig */;
			buildSettings = {
				CLANG_ENABLE_MODULES = YES;
				CODE_SIGN_IDENTITY = "";
				CODE_SIGN_STYLE = Automatic;
				DEFINES_MODULE = YES;
				DEVELOPMENT_TEAM = FTF953N9JJ;
				DYLIB_COMPATIBILITY_VERSION = 1;
				DYLIB_CURRENT_VERSION = 1;
				DYLIB_INSTALL_NAME_BASE = "@rpath";
				FRAMEWORK_SEARCH_PATHS = (
					"$(inherited)",
					"$(PROJECT_DIR)/UIComponentsFramework/sdks",
					"$(PROJECT_DIR)/UIComponentsFramework/sdks/GoogleMaps/Maps/Frameworks",
				);
				GCC_OPTIMIZATION_LEVEL = s;
				INFOPLIST_FILE = UIComponentsFramework/Info.plist;
				INSTALL_PATH = "$(LOCAL_LIBRARY_DIR)/Frameworks";
				IPHONEOS_DEPLOYMENT_TARGET = 10.0;
				LD_RUNPATH_SEARCH_PATHS = (
					"$(inherited)",
					"@executable_path/Frameworks",
					"@loader_path/Frameworks",
				);
				PRODUCT_BUNDLE_IDENTIFIER = com.ljbdelacruz.UIComponentsFramework;
				PRODUCT_NAME = "$(TARGET_NAME:c99extidentifier)";
				SKIP_INSTALL = YES;
				SWIFT_OPTIMIZATION_LEVEL = "-Osize";
				SWIFT_VERSION = 4.2;
				TARGETED_DEVICE_FAMILY = "1,2";
			};
			name = Release;
		};
/* End XCBuildConfiguration section */

/* Begin XCConfigurationList section */
		EEB7A1F52290E30600A0C3F2 /* Build configuration list for PBXProject "UIComponentsFramework" */ = {
			isa = XCConfigurationList;
			buildConfigurations = (
				EEB7A2012290E30600A0C3F2 /* Debug */,
				EEB7A2022290E30600A0C3F2 /* Release */,
			);
			defaultConfigurationIsVisible = 0;
			defaultConfigurationName = Release;
		};
		EEB7A2032290E30600A0C3F2 /* Build configuration list for PBXNativeTarget "UIComponentsFramework" */ = {
			isa = XCConfigurationList;
			buildConfigurations = (
				EEB7A2042290E30600A0C3F2 /* Debug */,
				EEB7A2052290E30600A0C3F2 /* Release */,
			);
			defaultConfigurationIsVisible = 0;
			defaultConfigurationName = Release;
		};
/* End XCConfigurationList section */
	};
	rootObject = EEB7A1F22290E30600A0C3F2 /* Project object */;
}
